// !$*UTF8*$!
{
	archiveVersion = 1;
	classes = {
	};
	objectVersion = 55;
	objects = {

/* Begin PBXBuildFile section */
		1EA4D07928CF9EB500A9E444 /* AppDelegate.swift in Sources */ = {isa = PBXBuildFile; fileRef = 1EA4D07828CF9EB500A9E444 /* AppDelegate.swift */; };
		1EA4D07B28CF9EB500A9E444 /* SceneDelegate.swift in Sources */ = {isa = PBXBuildFile; fileRef = 1EA4D07A28CF9EB500A9E444 /* SceneDelegate.swift */; };
		1EA4D07D28CF9EB500A9E444 /* ViewController.swift in Sources */ = {isa = PBXBuildFile; fileRef = 1EA4D07C28CF9EB500A9E444 /* ViewController.swift */; };
		1EA4D08028CF9EB500A9E444 /* Main.storyboard in Resources */ = {isa = PBXBuildFile; fileRef = 1EA4D07E28CF9EB500A9E444 /* Main.storyboard */; };
		1EA4D08228CF9EB700A9E444 /* Assets.xcassets in Resources */ = {isa = PBXBuildFile; fileRef = 1EA4D08128CF9EB700A9E444 /* Assets.xcassets */; };
		1EA4D08528CF9EB700A9E444 /* LaunchScreen.storyboard in Resources */ = {isa = PBXBuildFile; fileRef = 1EA4D08328CF9EB700A9E444 /* LaunchScreen.storyboard */; };
		1EA4D09228CFA2CF00A9E444 /* BaseViewController.swift in Sources */ = {isa = PBXBuildFile; fileRef = 1EA4D09128CFA2CF00A9E444 /* BaseViewController.swift */; };
		1EA4D09528CFA2F300A9E444 /* SnapKit in Frameworks */ = {isa = PBXBuildFile; productRef = 1EA4D09428CFA2F300A9E444 /* SnapKit */; };
		1EA4D09828CFA32500A9E444 /* Then in Frameworks */ = {isa = PBXBuildFile; productRef = 1EA4D09728CFA32500A9E444 /* Then */; };
		1EA4D09B28CFA3DB00A9E444 /* Realm in Frameworks */ = {isa = PBXBuildFile; productRef = 1EA4D09A28CFA3DB00A9E444 /* Realm */; };
		1EA4D09D28CFA3DB00A9E444 /* RealmSwift in Frameworks */ = {isa = PBXBuildFile; productRef = 1EA4D09C28CFA3DB00A9E444 /* RealmSwift */; };
		1EA4D09F28CFA40900A9E444 /* BaseView.swift in Sources */ = {isa = PBXBuildFile; fileRef = 1EA4D09E28CFA40900A9E444 /* BaseView.swift */; };
		1EA4D0A128CFA46C00A9E444 /* Constants.swift in Sources */ = {isa = PBXBuildFile; fileRef = 1EA4D0A028CFA46C00A9E444 /* Constants.swift */; };
		1EA4D0A328CFA47B00A9E444 /* Color.swift in Sources */ = {isa = PBXBuildFile; fileRef = 1EA4D0A228CFA47B00A9E444 /* Color.swift */; };
		1EA4D0A528CFA49300A9E444 /* Font.swift in Sources */ = {isa = PBXBuildFile; fileRef = 1EA4D0A428CFA49300A9E444 /* Font.swift */; };
		1EA4D0AB28CFA60600A9E444 /* BaseCollectionViewCell.swift in Sources */ = {isa = PBXBuildFile; fileRef = 1EA4D0AA28CFA60600A9E444 /* BaseCollectionViewCell.swift */; };
		1EA4D0AF28CFA6B500A9E444 /* RealmModel.swift in Sources */ = {isa = PBXBuildFile; fileRef = 1EA4D0AE28CFA6B500A9E444 /* RealmModel.swift */; };
/* End PBXBuildFile section */

/* Begin PBXFileReference section */
		1EA4D07528CF9EB500A9E444 /* Grind.app */ = {isa = PBXFileReference; explicitFileType = wrapper.application; includeInIndex = 0; path = Grind.app; sourceTree = BUILT_PRODUCTS_DIR; };
		1EA4D07828CF9EB500A9E444 /* AppDelegate.swift */ = {isa = PBXFileReference; lastKnownFileType = sourcecode.swift; path = AppDelegate.swift; sourceTree = "<group>"; };
		1EA4D07A28CF9EB500A9E444 /* SceneDelegate.swift */ = {isa = PBXFileReference; lastKnownFileType = sourcecode.swift; path = SceneDelegate.swift; sourceTree = "<group>"; };
		1EA4D07C28CF9EB500A9E444 /* ViewController.swift */ = {isa = PBXFileReference; lastKnownFileType = sourcecode.swift; path = ViewController.swift; sourceTree = "<group>"; };
		1EA4D07F28CF9EB500A9E444 /* Base */ = {isa = PBXFileReference; lastKnownFileType = file.storyboard; name = Base; path = Base.lproj/Main.storyboard; sourceTree = "<group>"; };
		1EA4D08128CF9EB700A9E444 /* Assets.xcassets */ = {isa = PBXFileReference; lastKnownFileType = folder.assetcatalog; path = Assets.xcassets; sourceTree = "<group>"; };
		1EA4D08428CF9EB700A9E444 /* Base */ = {isa = PBXFileReference; lastKnownFileType = file.storyboard; name = Base; path = Base.lproj/LaunchScreen.storyboard; sourceTree = "<group>"; };
		1EA4D08628CF9EB700A9E444 /* Info.plist */ = {isa = PBXFileReference; lastKnownFileType = text.plist.xml; path = Info.plist; sourceTree = "<group>"; };
		1EA4D09128CFA2CF00A9E444 /* BaseViewController.swift */ = {isa = PBXFileReference; lastKnownFileType = sourcecode.swift; path = BaseViewController.swift; sourceTree = "<group>"; };
		1EA4D09E28CFA40900A9E444 /* BaseView.swift */ = {isa = PBXFileReference; lastKnownFileType = sourcecode.swift; path = BaseView.swift; sourceTree = "<group>"; };
		1EA4D0A028CFA46C00A9E444 /* Constants.swift */ = {isa = PBXFileReference; lastKnownFileType = sourcecode.swift; path = Constants.swift; sourceTree = "<group>"; };
		1EA4D0A228CFA47B00A9E444 /* Color.swift */ = {isa = PBXFileReference; lastKnownFileType = sourcecode.swift; path = Color.swift; sourceTree = "<group>"; };
		1EA4D0A428CFA49300A9E444 /* Font.swift */ = {isa = PBXFileReference; lastKnownFileType = sourcecode.swift; path = Font.swift; sourceTree = "<group>"; };
		1EA4D0AA28CFA60600A9E444 /* BaseCollectionViewCell.swift */ = {isa = PBXFileReference; lastKnownFileType = sourcecode.swift; path = BaseCollectionViewCell.swift; sourceTree = "<group>"; };
		1EA4D0AE28CFA6B500A9E444 /* RealmModel.swift */ = {isa = PBXFileReference; lastKnownFileType = sourcecode.swift; path = RealmModel.swift; sourceTree = "<group>"; };
/* End PBXFileReference section */

/* Begin PBXFrameworksBuildPhase section */
		1EA4D07228CF9EB500A9E444 /* Frameworks */ = {
			isa = PBXFrameworksBuildPhase;
			buildActionMask = 2147483647;
			files = (
				1EA4D09D28CFA3DB00A9E444 /* RealmSwift in Frameworks */,
				1EA4D09B28CFA3DB00A9E444 /* Realm in Frameworks */,
				1EA4D09528CFA2F300A9E444 /* SnapKit in Frameworks */,
				1EA4D09828CFA32500A9E444 /* Then in Frameworks */,
			);
			runOnlyForDeploymentPostprocessing = 0;
		};
/* End PBXFrameworksBuildPhase section */

/* Begin PBXGroup section */
		1EA4D06C28CF9EB500A9E444 = {
			isa = PBXGroup;
			children = (
				1EA4D07728CF9EB500A9E444 /* Grind */,
				1EA4D07628CF9EB500A9E444 /* Products */,
			);
			sourceTree = "<group>";
		};
		1EA4D07628CF9EB500A9E444 /* Products */ = {
			isa = PBXGroup;
			children = (
				1EA4D07528CF9EB500A9E444 /* Grind.app */,
			);
			name = Products;
			sourceTree = "<group>";
		};
		1EA4D07728CF9EB500A9E444 /* Grind */ = {
			isa = PBXGroup;
			children = (
				1EA4D0AD28CFA6A900A9E444 /* Realm */,
				1EA4D0A628CFA5A700A9E444 /* Scene */,
				1EA4D08E28CFA27A00A9E444 /* Utility */,
				1EA4D08D28CFA04400A9E444 /* Application */,
				1EA4D07C28CF9EB500A9E444 /* ViewController.swift */,
				1EA4D07E28CF9EB500A9E444 /* Main.storyboard */,
				1EA4D08128CF9EB700A9E444 /* Assets.xcassets */,
				1EA4D08328CF9EB700A9E444 /* LaunchScreen.storyboard */,
				1EA4D08628CF9EB700A9E444 /* Info.plist */,
			);
			path = Grind;
			sourceTree = "<group>";
		};
		1EA4D08D28CFA04400A9E444 /* Application */ = {
			isa = PBXGroup;
			children = (
				1EA4D07828CF9EB500A9E444 /* AppDelegate.swift */,
				1EA4D07A28CF9EB500A9E444 /* SceneDelegate.swift */,
			);
			path = Application;
			sourceTree = "<group>";
		};
		1EA4D08E28CFA27A00A9E444 /* Utility */ = {
			isa = PBXGroup;
			children = (
				1EA4D09028CFA28E00A9E444 /* Constants */,
				1EA4D08F28CFA28200A9E444 /* CustomView */,
			);
			path = Utility;
			sourceTree = "<group>";
		};
		1EA4D08F28CFA28200A9E444 /* CustomView */ = {
			isa = PBXGroup;
			children = (
				1EA4D09128CFA2CF00A9E444 /* BaseViewController.swift */,
				1EA4D09E28CFA40900A9E444 /* BaseView.swift */,
				1EA4D0AA28CFA60600A9E444 /* BaseCollectionViewCell.swift */,
			);
			path = CustomView;
			sourceTree = "<group>";
		};
		1EA4D09028CFA28E00A9E444 /* Constants */ = {
			isa = PBXGroup;
			children = (
				1EA4D0A028CFA46C00A9E444 /* Constants.swift */,
				1EA4D0A228CFA47B00A9E444 /* Color.swift */,
				1EA4D0A428CFA49300A9E444 /* Font.swift */,
			);
			path = Constants;
			sourceTree = "<group>";
		};
		1EA4D0A628CFA5A700A9E444 /* Scene */ = {
			isa = PBXGroup;
			children = (
				1EA4D0AC28CFA68900A9E444 /* WalkThrough */,
				1EA4D0A928CFA5C400A9E444 /* Stat */,
				1EA4D0A828CFA5BF00A9E444 /* Setting */,
				1EA4D0A728CFA5BA00A9E444 /* Home */,
			);
			path = Scene;
			sourceTree = "<group>";
		};
		1EA4D0A728CFA5BA00A9E444 /* Home */ = {
			isa = PBXGroup;
			children = (
			);
			path = Home;
			sourceTree = "<group>";
		};
		1EA4D0A828CFA5BF00A9E444 /* Setting */ = {
			isa = PBXGroup;
			children = (
			);
			path = Setting;
			sourceTree = "<group>";
		};
		1EA4D0A928CFA5C400A9E444 /* Stat */ = {
			isa = PBXGroup;
			children = (
			);
			path = Stat;
			sourceTree = "<group>";
		};
		1EA4D0AC28CFA68900A9E444 /* WalkThrough */ = {
			isa = PBXGroup;
			children = (
			);
			path = WalkThrough;
			sourceTree = "<group>";
		};
		1EA4D0AD28CFA6A900A9E444 /* Realm */ = {
			isa = PBXGroup;
			children = (
				1EA4D0AE28CFA6B500A9E444 /* RealmModel.swift */,
			);
			path = Realm;
			sourceTree = "<group>";
		};
/* End PBXGroup section */

/* Begin PBXNativeTarget section */
		1EA4D07428CF9EB500A9E444 /* Grind */ = {
			isa = PBXNativeTarget;
			buildConfigurationList = 1EA4D08928CF9EB700A9E444 /* Build configuration list for PBXNativeTarget "Grind" */;
			buildPhases = (
				1EA4D07128CF9EB500A9E444 /* Sources */,
				1EA4D07228CF9EB500A9E444 /* Frameworks */,
				1EA4D07328CF9EB500A9E444 /* Resources */,
			);
			buildRules = (
			);
			dependencies = (
			);
			name = Grind;
			packageProductDependencies = (
				1EA4D09428CFA2F300A9E444 /* SnapKit */,
				1EA4D09728CFA32500A9E444 /* Then */,
				1EA4D09A28CFA3DB00A9E444 /* Realm */,
				1EA4D09C28CFA3DB00A9E444 /* RealmSwift */,
			);
			productName = Grind;
			productReference = 1EA4D07528CF9EB500A9E444 /* Grind.app */;
			productType = "com.apple.product-type.application";
		};
/* End PBXNativeTarget section */

/* Begin PBXProject section */
		1EA4D06D28CF9EB500A9E444 /* Project object */ = {
			isa = PBXProject;
			attributes = {
				BuildIndependentTargetsInParallel = 1;
				LastSwiftUpdateCheck = 1340;
				LastUpgradeCheck = 1340;
				TargetAttributes = {
					1EA4D07428CF9EB500A9E444 = {
						CreatedOnToolsVersion = 13.4.1;
					};
				};
			};
			buildConfigurationList = 1EA4D07028CF9EB500A9E444 /* Build configuration list for PBXProject "Grind" */;
			compatibilityVersion = "Xcode 13.0";
			developmentRegion = en;
			hasScannedForEncodings = 0;
			knownRegions = (
				en,
				Base,
			);
			mainGroup = 1EA4D06C28CF9EB500A9E444;
			packageReferences = (
				1EA4D09328CFA2F300A9E444 /* XCRemoteSwiftPackageReference "SnapKit" */,
				1EA4D09628CFA32500A9E444 /* XCRemoteSwiftPackageReference "Then" */,
				1EA4D09928CFA3DB00A9E444 /* XCRemoteSwiftPackageReference "realm-swift" */,
			);
			productRefGroup = 1EA4D07628CF9EB500A9E444 /* Products */;
			projectDirPath = "";
			projectRoot = "";
			targets = (
				1EA4D07428CF9EB500A9E444 /* Grind */,
			);
		};
/* End PBXProject section */

/* Begin PBXResourcesBuildPhase section */
		1EA4D07328CF9EB500A9E444 /* Resources */ = {
			isa = PBXResourcesBuildPhase;
			buildActionMask = 2147483647;
			files = (
				1EA4D08528CF9EB700A9E444 /* LaunchScreen.storyboard in Resources */,
				1EA4D08228CF9EB700A9E444 /* Assets.xcassets in Resources */,
				1EA4D08028CF9EB500A9E444 /* Main.storyboard in Resources */,
			);
			runOnlyForDeploymentPostprocessing = 0;
		};
/* End PBXResourcesBuildPhase section */

/* Begin PBXSourcesBuildPhase section */
		1EA4D07128CF9EB500A9E444 /* Sources */ = {
			isa = PBXSourcesBuildPhase;
			buildActionMask = 2147483647;
			files = (
				1EA4D07D28CF9EB500A9E444 /* ViewController.swift in Sources */,
				1EA4D09228CFA2CF00A9E444 /* BaseViewController.swift in Sources */,
				1EA4D0AB28CFA60600A9E444 /* BaseCollectionViewCell.swift in Sources */,
				1EA4D0AF28CFA6B500A9E444 /* RealmModel.swift in Sources */,
				1EA4D0A328CFA47B00A9E444 /* Color.swift in Sources */,
				1EA4D09F28CFA40900A9E444 /* BaseView.swift in Sources */,
				1EA4D0A528CFA49300A9E444 /* Font.swift in Sources */,
				1EA4D07928CF9EB500A9E444 /* AppDelegate.swift in Sources */,
				1EA4D07B28CF9EB500A9E444 /* SceneDelegate.swift in Sources */,
				1EA4D0A128CFA46C00A9E444 /* Constants.swift in Sources */,
			);
			runOnlyForDeploymentPostprocessing = 0;
		};
/* End PBXSourcesBuildPhase section */

/* Begin PBXVariantGroup section */
		1EA4D07E28CF9EB500A9E444 /* Main.storyboard */ = {
			isa = PBXVariantGroup;
			children = (
				1EA4D07F28CF9EB500A9E444 /* Base */,
			);
			name = Main.storyboard;
			sourceTree = "<group>";
		};
		1EA4D08328CF9EB700A9E444 /* LaunchScreen.storyboard */ = {
			isa = PBXVariantGroup;
			children = (
				1EA4D08428CF9EB700A9E444 /* Base */,
			);
			name = LaunchScreen.storyboard;
			sourceTree = "<group>";
		};
/* End PBXVariantGroup section */

/* Begin XCBuildConfiguration section */
		1EA4D08728CF9EB700A9E444 /* Debug */ = {
			isa = XCBuildConfiguration;
			buildSettings = {
				ALWAYS_SEARCH_USER_PATHS = NO;
				CLANG_ANALYZER_NONNULL = YES;
				CLANG_ANALYZER_NUMBER_OBJECT_CONVERSION = YES_AGGRESSIVE;
				CLANG_CXX_LANGUAGE_STANDARD = "gnu++17";
				CLANG_ENABLE_MODULES = YES;
				CLANG_ENABLE_OBJC_ARC = YES;
				CLANG_ENABLE_OBJC_WEAK = YES;
				CLANG_WARN_BLOCK_CAPTURE_AUTORELEASING = YES;
				CLANG_WARN_BOOL_CONVERSION = YES;
				CLANG_WARN_COMMA = YES;
				CLANG_WARN_CONSTANT_CONVERSION = YES;
				CLANG_WARN_DEPRECATED_OBJC_IMPLEMENTATIONS = YES;
				CLANG_WARN_DIRECT_OBJC_ISA_USAGE = YES_ERROR;
				CLANG_WARN_DOCUMENTATION_COMMENTS = YES;
				CLANG_WARN_EMPTY_BODY = YES;
				CLANG_WARN_ENUM_CONVERSION = YES;
				CLANG_WARN_INFINITE_RECURSION = YES;
				CLANG_WARN_INT_CONVERSION = YES;
				CLANG_WARN_NON_LITERAL_NULL_CONVERSION = YES;
				CLANG_WARN_OBJC_IMPLICIT_RETAIN_SELF = YES;
				CLANG_WARN_OBJC_LITERAL_CONVERSION = YES;
				CLANG_WARN_OBJC_ROOT_CLASS = YES_ERROR;
				CLANG_WARN_QUOTED_INCLUDE_IN_FRAMEWORK_HEADER = YES;
				CLANG_WARN_RANGE_LOOP_ANALYSIS = YES;
				CLANG_WARN_STRICT_PROTOTYPES = YES;
				CLANG_WARN_SUSPICIOUS_MOVE = YES;
				CLANG_WARN_UNGUARDED_AVAILABILITY = YES_AGGRESSIVE;
				CLANG_WARN_UNREACHABLE_CODE = YES;
				CLANG_WARN__DUPLICATE_METHOD_MATCH = YES;
				COPY_PHASE_STRIP = NO;
				DEBUG_INFORMATION_FORMAT = dwarf;
				ENABLE_STRICT_OBJC_MSGSEND = YES;
				ENABLE_TESTABILITY = YES;
				GCC_C_LANGUAGE_STANDARD = gnu11;
				GCC_DYNAMIC_NO_PIC = NO;
				GCC_NO_COMMON_BLOCKS = YES;
				GCC_OPTIMIZATION_LEVEL = 0;
				GCC_PREPROCESSOR_DEFINITIONS = (
					"DEBUG=1",
					"$(inherited)",
				);
				GCC_WARN_64_TO_32_BIT_CONVERSION = YES;
				GCC_WARN_ABOUT_RETURN_TYPE = YES_ERROR;
				GCC_WARN_UNDECLARED_SELECTOR = YES;
				GCC_WARN_UNINITIALIZED_AUTOS = YES_AGGRESSIVE;
				GCC_WARN_UNUSED_FUNCTION = YES;
				GCC_WARN_UNUSED_VARIABLE = YES;
				IPHONEOS_DEPLOYMENT_TARGET = 15.5;
				MTL_ENABLE_DEBUG_INFO = INCLUDE_SOURCE;
				MTL_FAST_MATH = YES;
				ONLY_ACTIVE_ARCH = YES;
				SDKROOT = iphoneos;
				SWIFT_ACTIVE_COMPILATION_CONDITIONS = DEBUG;
				SWIFT_OPTIMIZATION_LEVEL = "-Onone";
			};
			name = Debug;
		};
		1EA4D08828CF9EB700A9E444 /* Release */ = {
			isa = XCBuildConfiguration;
			buildSettings = {
				ALWAYS_SEARCH_USER_PATHS = NO;
				CLANG_ANALYZER_NONNULL = YES;
				CLANG_ANALYZER_NUMBER_OBJECT_CONVERSION = YES_AGGRESSIVE;
				CLANG_CXX_LANGUAGE_STANDARD = "gnu++17";
				CLANG_ENABLE_MODULES = YES;
				CLANG_ENABLE_OBJC_ARC = YES;
				CLANG_ENABLE_OBJC_WEAK = YES;
				CLANG_WARN_BLOCK_CAPTURE_AUTORELEASING = YES;
				CLANG_WARN_BOOL_CONVERSION = YES;
				CLANG_WARN_COMMA = YES;
				CLANG_WARN_CONSTANT_CONVERSION = YES;
				CLANG_WARN_DEPRECATED_OBJC_IMPLEMENTATIONS = YES;
				CLANG_WARN_DIRECT_OBJC_ISA_USAGE = YES_ERROR;
				CLANG_WARN_DOCUMENTATION_COMMENTS = YES;
				CLANG_WARN_EMPTY_BODY = YES;
				CLANG_WARN_ENUM_CONVERSION = YES;
				CLANG_WARN_INFINITE_RECURSION = YES;
				CLANG_WARN_INT_CONVERSION = YES;
				CLANG_WARN_NON_LITERAL_NULL_CONVERSION = YES;
				CLANG_WARN_OBJC_IMPLICIT_RETAIN_SELF = YES;
				CLANG_WARN_OBJC_LITERAL_CONVERSION = YES;
				CLANG_WARN_OBJC_ROOT_CLASS = YES_ERROR;
				CLANG_WARN_QUOTED_INCLUDE_IN_FRAMEWORK_HEADER = YES;
				CLANG_WARN_RANGE_LOOP_ANALYSIS = YES;
				CLANG_WARN_STRICT_PROTOTYPES = YES;
				CLANG_WARN_SUSPICIOUS_MOVE = YES;
				CLANG_WARN_UNGUARDED_AVAILABILITY = YES_AGGRESSIVE;
				CLANG_WARN_UNREACHABLE_CODE = YES;
				CLANG_WARN__DUPLICATE_METHOD_MATCH = YES;
				COPY_PHASE_STRIP = NO;
				DEBUG_INFORMATION_FORMAT = "dwarf-with-dsym";
				ENABLE_NS_ASSERTIONS = NO;
				ENABLE_STRICT_OBJC_MSGSEND = YES;
				GCC_C_LANGUAGE_STANDARD = gnu11;
				GCC_NO_COMMON_BLOCKS = YES;
				GCC_WARN_64_TO_32_BIT_CONVERSION = YES;
				GCC_WARN_ABOUT_RETURN_TYPE = YES_ERROR;
				GCC_WARN_UNDECLARED_SELECTOR = YES;
				GCC_WARN_UNINITIALIZED_AUTOS = YES_AGGRESSIVE;
				GCC_WARN_UNUSED_FUNCTION = YES;
				GCC_WARN_UNUSED_VARIABLE = YES;
				IPHONEOS_DEPLOYMENT_TARGET = 15.5;
				MTL_ENABLE_DEBUG_INFO = NO;
				MTL_FAST_MATH = YES;
				SDKROOT = iphoneos;
				SWIFT_COMPILATION_MODE = wholemodule;
				SWIFT_OPTIMIZATION_LEVEL = "-O";
				VALIDATE_PRODUCT = YES;
			};
			name = Release;
		};
		1EA4D08A28CF9EB700A9E444 /* Debug */ = {
			isa = XCBuildConfiguration;
			buildSettings = {
				ASSETCATALOG_COMPILER_APPICON_NAME = AppIcon;
				ASSETCATALOG_COMPILER_GLOBAL_ACCENT_COLOR_NAME = AccentColor;
				CODE_SIGN_STYLE = Automatic;
				CURRENT_PROJECT_VERSION = 1;
				DEVELOPMENT_TEAM = AFMSUTLF6S;
				GENERATE_INFOPLIST_FILE = YES;
				INFOPLIST_FILE = Grind/Info.plist;
				INFOPLIST_KEY_UIApplicationSupportsIndirectInputEvents = YES;
				INFOPLIST_KEY_UILaunchStoryboardName = LaunchScreen;
				INFOPLIST_KEY_UIMainStoryboardFile = Main;
				INFOPLIST_KEY_UISupportedInterfaceOrientations_iPad = "UIInterfaceOrientationPortrait UIInterfaceOrientationPortraitUpsideDown UIInterfaceOrientationLandscapeLeft UIInterfaceOrientationLandscapeRight";
				INFOPLIST_KEY_UISupportedInterfaceOrientations_iPhone = "UIInterfaceOrientationPortrait UIInterfaceOrientationLandscapeLeft UIInterfaceOrientationLandscapeRight";
				LD_RUNPATH_SEARCH_PATHS = (
					"$(inherited)",
					"@executable_path/Frameworks",
				);
				MARKETING_VERSION = 1.0;
				PRODUCT_BUNDLE_IDENTIFIER = com.sesac.Grind;
				PRODUCT_NAME = "$(TARGET_NAME)";
				SWIFT_EMIT_LOC_STRINGS = YES;
				SWIFT_VERSION = 5.0;
				TARGETED_DEVICE_FAMILY = 1;
			};
			name = Debug;
		};
		1EA4D08B28CF9EB700A9E444 /* Release */ = {
			isa = XCBuildConfiguration;
			buildSettings = {
				ASSETCATALOG_COMPILER_APPICON_NAME = AppIcon;
				ASSETCATALOG_COMPILER_GLOBAL_ACCENT_COLOR_NAME = AccentColor;
				CODE_SIGN_STYLE = Automatic;
				CURRENT_PROJECT_VERSION = 1;
				DEVELOPMENT_TEAM = AFMSUTLF6S;
				GENERATE_INFOPLIST_FILE = YES;
				INFOPLIST_FILE = Grind/Info.plist;
				INFOPLIST_KEY_UIApplicationSupportsIndirectInputEvents = YES;
				INFOPLIST_KEY_UILaunchStoryboardName = LaunchScreen;
				INFOPLIST_KEY_UIMainStoryboardFile = Main;
				INFOPLIST_KEY_UISupportedInterfaceOrientations_iPad = "UIInterfaceOrientationPortrait UIInterfaceOrientationPortraitUpsideDown UIInterfaceOrientationLandscapeLeft UIInterfaceOrientationLandscapeRight";
				INFOPLIST_KEY_UISupportedInterfaceOrientations_iPhone = "UIInterfaceOrientationPortrait UIInterfaceOrientationLandscapeLeft UIInterfaceOrientationLandscapeRight";
				LD_RUNPATH_SEARCH_PATHS = (
					"$(inherited)",
					"@executable_path/Frameworks",
				);
				MARKETING_VERSION = 1.0;
				PRODUCT_BUNDLE_IDENTIFIER = com.sesac.Grind;
				PRODUCT_NAME = "$(TARGET_NAME)";
				SWIFT_EMIT_LOC_STRINGS = YES;
				SWIFT_VERSION = 5.0;
				TARGETED_DEVICE_FAMILY = 1;
			};
			name = Release;
		};
/* End XCBuildConfiguration section */

/* Begin XCConfigurationList section */
		1EA4D07028CF9EB500A9E444 /* Build configuration list for PBXProject "Grind" */ = {
			isa = XCConfigurationList;
			buildConfigurations = (
				1EA4D08728CF9EB700A9E444 /* Debug */,
				1EA4D08828CF9EB700A9E444 /* Release */,
			);
			defaultConfigurationIsVisible = 0;
			defaultConfigurationName = Release;
		};
		1EA4D08928CF9EB700A9E444 /* Build configuration list for PBXNativeTarget "Grind" */ = {
			isa = XCConfigurationList;
			buildConfigurations = (
				1EA4D08A28CF9EB700A9E444 /* Debug */,
				1EA4D08B28CF9EB700A9E444 /* Release */,
			);
			defaultConfigurationIsVisible = 0;
			defaultConfigurationName = Release;
		};
/* End XCConfigurationList section */

/* Begin XCRemoteSwiftPackageReference section */
		1EA4D09328CFA2F300A9E444 /* XCRemoteSwiftPackageReference "SnapKit" */ = {
			isa = XCRemoteSwiftPackageReference;
			repositoryURL = "https://github.com/SnapKit/SnapKit.git";
			requirement = {
				kind = upToNextMajorVersion;
				minimumVersion = 5.0.0;
			};
		};
		1EA4D09628CFA32500A9E444 /* XCRemoteSwiftPackageReference "Then" */ = {
			isa = XCRemoteSwiftPackageReference;
			repositoryURL = "https://github.com/devxoul/Then.git";
			requirement = {
				kind = upToNextMajorVersion;
				minimumVersion = 3.0.0;
			};
		};
		1EA4D09928CFA3DB00A9E444 /* XCRemoteSwiftPackageReference "realm-swift" */ = {
			isa = XCRemoteSwiftPackageReference;
			repositoryURL = "https://github.com/realm/realm-swift.git";
			requirement = {
				branch = master;
				kind = branch;
			};
		};
/* End XCRemoteSwiftPackageReference section */

/* Begin XCSwiftPackageProductDependency section */
		1EA4D09428CFA2F300A9E444 /* SnapKit */ = {
			isa = XCSwiftPackageProductDependency;
			package = 1EA4D09328CFA2F300A9E444 /* XCRemoteSwiftPackageReference "SnapKit" */;
			productName = SnapKit;
		};
		1EA4D09728CFA32500A9E444 /* Then */ = {
			isa = XCSwiftPackageProductDependency;
			package = 1EA4D09628CFA32500A9E444 /* XCRemoteSwiftPackageReference "Then" */;
			productName = Then;
		};
		1EA4D09A28CFA3DB00A9E444 /* Realm */ = {
			isa = XCSwiftPackageProductDependency;
			package = 1EA4D09928CFA3DB00A9E444 /* XCRemoteSwiftPackageReference "realm-swift" */;
			productName = Realm;
		};
		1EA4D09C28CFA3DB00A9E444 /* RealmSwift */ = {
			isa = XCSwiftPackageProductDependency;
			package = 1EA4D09928CFA3DB00A9E444 /* XCRemoteSwiftPackageReference "realm-swift" */;
			productName = RealmSwift;
		};
/* End XCSwiftPackageProductDependency section */
	};
	rootObject = 1EA4D06D28CF9EB500A9E444 /* Project object */;
}
