// !$*UTF8*$!
{
	archiveVersion = 1;
	classes = {
	};
	objectVersion = 55;
	objects = {

/* Begin PBXBuildFile section */
		1E4489A128E6A486004CA993 /* TabViewController.swift in Sources */ = {isa = PBXBuildFile; fileRef = 1E4489A028E6A486004CA993 /* TabViewController.swift */; };
		1E4489A928E6AA00004CA993 /* FoodViewController.swift in Sources */ = {isa = PBXBuildFile; fileRef = 1E4489A828E6AA00004CA993 /* FoodViewController.swift */; };
		1E4489AC28E6B588004CA993 /* StatView.swift in Sources */ = {isa = PBXBuildFile; fileRef = 1E4489AB28E6B588004CA993 /* StatView.swift */; };
		1E4489BA28E9E593004CA993 /* Charts in Frameworks */ = {isa = PBXBuildFile; productRef = 1E4489B928E9E593004CA993 /* Charts */; };
		1E52825D28D248BF002FB4EE /* .gitignore in Resources */ = {isa = PBXBuildFile; fileRef = 1E52825C28D248BF002FB4EE /* .gitignore */; };
		1E52825F28D24A0F002FB4EE /* Food.swift in Sources */ = {isa = PBXBuildFile; fileRef = 1E52825E28D24A0F002FB4EE /* Food.swift */; };
		1E52826628D3648C002FB4EE /* HomeView.swift in Sources */ = {isa = PBXBuildFile; fileRef = 1E52826528D3648C002FB4EE /* HomeView.swift */; };
		1E52826B28D39F43002FB4EE /* tway_air.ttf in Resources */ = {isa = PBXBuildFile; fileRef = 1E52826A28D39F43002FB4EE /* tway_air.ttf */; };
		1E52827228D43D2B002FB4EE /* HealthKitManager.swift in Sources */ = {isa = PBXBuildFile; fileRef = 1E52827128D43D2B002FB4EE /* HealthKitManager.swift */; };
		1E52827428D445E1002FB4EE /* HealthKitSetupError.swift in Sources */ = {isa = PBXBuildFile; fileRef = 1E52827328D445E1002FB4EE /* HealthKitSetupError.swift */; };
		1E52828228D77FE3002FB4EE /* HomeCircleView.swift in Sources */ = {isa = PBXBuildFile; fileRef = 1E52828128D77FE3002FB4EE /* HomeCircleView.swift */; };
		1E52828428D78631002FB4EE /* HomeWeightView.swift in Sources */ = {isa = PBXBuildFile; fileRef = 1E52828328D78631002FB4EE /* HomeWeightView.swift */; };
		1E52828628D7863D002FB4EE /* HomeCalorieView.swift in Sources */ = {isa = PBXBuildFile; fileRef = 1E52828528D7863D002FB4EE /* HomeCalorieView.swift */; };
		1E52828828D78B1F002FB4EE /* HomeAdviceView.swift in Sources */ = {isa = PBXBuildFile; fileRef = 1E52828728D78B1F002FB4EE /* HomeAdviceView.swift */; };
		1E52828A28D797D8002FB4EE /* HomeWorkoutView.swift in Sources */ = {isa = PBXBuildFile; fileRef = 1E52828928D797D8002FB4EE /* HomeWorkoutView.swift */; };
		1E52828C28D8D433002FB4EE /* WalkThroughViewController.swift in Sources */ = {isa = PBXBuildFile; fileRef = 1E52828B28D8D433002FB4EE /* WalkThroughViewController.swift */; };
		1E52828E28D8D444002FB4EE /* WalkThroughView.swift in Sources */ = {isa = PBXBuildFile; fileRef = 1E52828D28D8D444002FB4EE /* WalkThroughView.swift */; };
		1E52829128D8DEAC002FB4EE /* DailyRecordRepository.swift in Sources */ = {isa = PBXBuildFile; fileRef = 1E52829028D8DEAC002FB4EE /* DailyRecordRepository.swift */; };
		1E52829828D98A07002FB4EE /* Text.swift in Sources */ = {isa = PBXBuildFile; fileRef = 1E52829728D98A07002FB4EE /* Text.swift */; };
		1E52829B28DA1C41002FB4EE /* FSCalendar in Frameworks */ = {isa = PBXBuildFile; productRef = 1E52829A28DA1C41002FB4EE /* FSCalendar */; };
		1E5CF07828E2190A004D9010 /* YPImagePicker in Frameworks */ = {isa = PBXBuildFile; productRef = 1E5CF07728E2190A004D9010 /* YPImagePicker */; };
		1E5CF07F28E21E3E004D9010 /* AddFoodViewController.swift in Sources */ = {isa = PBXBuildFile; fileRef = 1E5CF07E28E21E3E004D9010 /* AddFoodViewController.swift */; };
		1E5CF08128E2202A004D9010 /* FoodView.swift in Sources */ = {isa = PBXBuildFile; fileRef = 1E5CF08028E2202A004D9010 /* FoodView.swift */; };
		1E5CF08328E222EE004D9010 /* FoodCalorieView.swift in Sources */ = {isa = PBXBuildFile; fileRef = 1E5CF08228E222EE004D9010 /* FoodCalorieView.swift */; };
		1E5CF09328E4B9FD004D9010 /* Toast in Frameworks */ = {isa = PBXBuildFile; productRef = 1E5CF09228E4B9FD004D9010 /* Toast */; };
		1E5E760828DCBFAD004EA9FD /* RecordViewController.swift in Sources */ = {isa = PBXBuildFile; fileRef = 1E5E760728DCBFAD004EA9FD /* RecordViewController.swift */; };
		1E5E760A28DCC1F8004EA9FD /* RecordView.swift in Sources */ = {isa = PBXBuildFile; fileRef = 1E5E760928DCC1F8004EA9FD /* RecordView.swift */; };
		1E5E760C28DCCED7004EA9FD /* RecordCircleView.swift in Sources */ = {isa = PBXBuildFile; fileRef = 1E5E760B28DCCED7004EA9FD /* RecordCircleView.swift */; };
		1E7696142910DB0D00859B4A /* SettingViewModel.swift in Sources */ = {isa = PBXBuildFile; fileRef = 1E7696132910DB0D00859B4A /* SettingViewModel.swift */; };
		1E76961729118E9D00859B4A /* Differentiator in Frameworks */ = {isa = PBXBuildFile; productRef = 1E76961629118E9D00859B4A /* Differentiator */; };
		1E76961929118E9D00859B4A /* RxDataSources in Frameworks */ = {isa = PBXBuildFile; productRef = 1E76961829118E9D00859B4A /* RxDataSources */; };
		1E7DCF8728D0F209000D43B5 /* HomeViewController.swift in Sources */ = {isa = PBXBuildFile; fileRef = 1E7DCF8628D0F209000D43B5 /* HomeViewController.swift */; };
		1E7DCF8F28D0F3EB000D43B5 /* SettingViewController.swift in Sources */ = {isa = PBXBuildFile; fileRef = 1E7DCF8E28D0F3EB000D43B5 /* SettingViewController.swift */; };
		1E7DCF9128D0F3F6000D43B5 /* StatViewController.swift in Sources */ = {isa = PBXBuildFile; fileRef = 1E7DCF9028D0F3F6000D43B5 /* StatViewController.swift */; };
		1E92CCF428EBD53D004B284B /* SettingView.swift in Sources */ = {isa = PBXBuildFile; fileRef = 1E92CCF328EBD53D004B284B /* SettingView.swift */; };
		1E92CCFC28EBD757004B284B /* BaseTableViewCell.swift in Sources */ = {isa = PBXBuildFile; fileRef = 1E92CCFB28EBD757004B284B /* BaseTableViewCell.swift */; };
		1E92CCFE28EBD796004B284B /* SettingTableViewCell.swift in Sources */ = {isa = PBXBuildFile; fileRef = 1E92CCFD28EBD796004B284B /* SettingTableViewCell.swift */; };
		1E92CD0228EBFF34004B284B /* IQKeyboardManagerSwift in Frameworks */ = {isa = PBXBuildFile; productRef = 1E92CD0128EBFF34004B284B /* IQKeyboardManagerSwift */; };
		1E9A51EF298BD448004560ED /* VideoViewController.swift in Sources */ = {isa = PBXBuildFile; fileRef = 1E9A51EE298BD448004560ED /* VideoViewController.swift */; };
		1E9A51F2298BD49E004560ED /* VideoView.swift in Sources */ = {isa = PBXBuildFile; fileRef = 1E9A51F1298BD49E004560ED /* VideoView.swift */; };
		1E9A51F5298BD61E004560ED /* YouTubeiOSPlayerHelper in Frameworks */ = {isa = PBXBuildFile; productRef = 1E9A51F4298BD61E004560ED /* YouTubeiOSPlayerHelper */; };
		1E9A51F8298BF20C004560ED /* Tabman in Frameworks */ = {isa = PBXBuildFile; productRef = 1E9A51F7298BF20C004560ED /* Tabman */; };
		1E9A51FA298BF2C6004560ED /* FrontVideoViewController.swift in Sources */ = {isa = PBXBuildFile; fileRef = 1E9A51F9298BF2C6004560ED /* FrontVideoViewController.swift */; };
		1E9A51FC298BF2E9004560ED /* BackVideoViewController.swift in Sources */ = {isa = PBXBuildFile; fileRef = 1E9A51FB298BF2E9004560ED /* BackVideoViewController.swift */; };
		1E9A51FE298BF2FF004560ED /* LegVideoViewController.swift in Sources */ = {isa = PBXBuildFile; fileRef = 1E9A51FD298BF2FF004560ED /* LegVideoViewController.swift */; };
		1E9A5201298C127E004560ED /* Realm in Frameworks */ = {isa = PBXBuildFile; productRef = 1E9A5200298C127E004560ED /* Realm */; };
		1E9A5203298C127E004560ED /* RealmSwift in Frameworks */ = {isa = PBXBuildFile; productRef = 1E9A5202298C127E004560ED /* RealmSwift */; };
		1E9DE88928DD79020022FCBC /* APIKey.swift in Sources */ = {isa = PBXBuildFile; fileRef = 1E9DE88828DD79020022FCBC /* APIKey.swift */; };
		1EA4D07928CF9EB500A9E444 /* AppDelegate.swift in Sources */ = {isa = PBXBuildFile; fileRef = 1EA4D07828CF9EB500A9E444 /* AppDelegate.swift */; };
		1EA4D07B28CF9EB500A9E444 /* SceneDelegate.swift in Sources */ = {isa = PBXBuildFile; fileRef = 1EA4D07A28CF9EB500A9E444 /* SceneDelegate.swift */; };
		1EA4D07D28CF9EB500A9E444 /* ViewController.swift in Sources */ = {isa = PBXBuildFile; fileRef = 1EA4D07C28CF9EB500A9E444 /* ViewController.swift */; };
		1EA4D08028CF9EB500A9E444 /* Main.storyboard in Resources */ = {isa = PBXBuildFile; fileRef = 1EA4D07E28CF9EB500A9E444 /* Main.storyboard */; };
		1EA4D08228CF9EB700A9E444 /* Assets.xcassets in Resources */ = {isa = PBXBuildFile; fileRef = 1EA4D08128CF9EB700A9E444 /* Assets.xcassets */; };
		1EA4D08528CF9EB700A9E444 /* LaunchScreen.storyboard in Resources */ = {isa = PBXBuildFile; fileRef = 1EA4D08328CF9EB700A9E444 /* LaunchScreen.storyboard */; };
		1EA4D09228CFA2CF00A9E444 /* BaseViewController.swift in Sources */ = {isa = PBXBuildFile; fileRef = 1EA4D09128CFA2CF00A9E444 /* BaseViewController.swift */; };
		1EA4D09528CFA2F300A9E444 /* SnapKit in Frameworks */ = {isa = PBXBuildFile; productRef = 1EA4D09428CFA2F300A9E444 /* SnapKit */; };
		1EA4D09828CFA32500A9E444 /* Then in Frameworks */ = {isa = PBXBuildFile; productRef = 1EA4D09728CFA32500A9E444 /* Then */; };
		1EA4D09F28CFA40900A9E444 /* BaseView.swift in Sources */ = {isa = PBXBuildFile; fileRef = 1EA4D09E28CFA40900A9E444 /* BaseView.swift */; };
		1EA4D0A128CFA46C00A9E444 /* Constants.swift in Sources */ = {isa = PBXBuildFile; fileRef = 1EA4D0A028CFA46C00A9E444 /* Constants.swift */; };
		1EA4D0A328CFA47B00A9E444 /* Color.swift in Sources */ = {isa = PBXBuildFile; fileRef = 1EA4D0A228CFA47B00A9E444 /* Color.swift */; };
		1EA4D0A528CFA49300A9E444 /* Font.swift in Sources */ = {isa = PBXBuildFile; fileRef = 1EA4D0A428CFA49300A9E444 /* Font.swift */; };
		1EA4D0AB28CFA60600A9E444 /* BaseCollectionViewCell.swift in Sources */ = {isa = PBXBuildFile; fileRef = 1EA4D0AA28CFA60600A9E444 /* BaseCollectionViewCell.swift */; };
		1EA4D0AF28CFA6B500A9E444 /* DailyRecord.swift in Sources */ = {isa = PBXBuildFile; fileRef = 1EA4D0AE28CFA6B500A9E444 /* DailyRecord.swift */; };
		1EAEA2C8298FF4000070A3AE /* FirebaseAnalyticsWithoutAdIdSupport in Frameworks */ = {isa = PBXBuildFile; productRef = 1EAEA2C7298FF4000070A3AE /* FirebaseAnalyticsWithoutAdIdSupport */; };
		1EAEA2CA298FF4000070A3AE /* FirebaseAuth in Frameworks */ = {isa = PBXBuildFile; productRef = 1EAEA2C9298FF4000070A3AE /* FirebaseAuth */; };
		1EAEA2CC298FF4000070A3AE /* FirebaseCrashlytics in Frameworks */ = {isa = PBXBuildFile; productRef = 1EAEA2CB298FF4000070A3AE /* FirebaseCrashlytics */; };
		1EAEA2CE298FF4000070A3AE /* FirebaseMessaging in Frameworks */ = {isa = PBXBuildFile; productRef = 1EAEA2CD298FF4000070A3AE /* FirebaseMessaging */; };
		1EAEA2D2298FFDCB0070A3AE /* GoogleService-Info.plist in Resources */ = {isa = PBXBuildFile; fileRef = 1EAEA2D1298FFDCB0070A3AE /* GoogleService-Info.plist */; };
		1EE39F2728EC1FE300331DB1 /* ProgressHUD in Frameworks */ = {isa = PBXBuildFile; productRef = 1EE39F2628EC1FE300331DB1 /* ProgressHUD */; };
		1EE39F2A28EC202D00331DB1 /* Zip in Frameworks */ = {isa = PBXBuildFile; productRef = 1EE39F2928EC202D00331DB1 /* Zip */; };
		1EE39F2D28EC3AFE00331DB1 /* AcknowList in Frameworks */ = {isa = PBXBuildFile; productRef = 1EE39F2C28EC3AFE00331DB1 /* AcknowList */; };
		1EE39F3128EC45A100331DB1 /* Package.resolved in Resources */ = {isa = PBXBuildFile; fileRef = 1EE39F3028EC45A100331DB1 /* Package.resolved */; };
/* End PBXBuildFile section */

/* Begin PBXFileReference section */
		1E4489A028E6A486004CA993 /* TabViewController.swift */ = {isa = PBXFileReference; lastKnownFileType = sourcecode.swift; path = TabViewController.swift; sourceTree = "<group>"; };
		1E4489A828E6AA00004CA993 /* FoodViewController.swift */ = {isa = PBXFileReference; lastKnownFileType = sourcecode.swift; path = FoodViewController.swift; sourceTree = "<group>"; };
		1E4489AB28E6B588004CA993 /* StatView.swift */ = {isa = PBXFileReference; lastKnownFileType = sourcecode.swift; path = StatView.swift; sourceTree = "<group>"; };
		1E52825C28D248BF002FB4EE /* .gitignore */ = {isa = PBXFileReference; lastKnownFileType = text; path = .gitignore; sourceTree = "<group>"; };
		1E52825E28D24A0F002FB4EE /* Food.swift */ = {isa = PBXFileReference; lastKnownFileType = sourcecode.swift; path = Food.swift; sourceTree = "<group>"; };
		1E52826528D3648C002FB4EE /* HomeView.swift */ = {isa = PBXFileReference; lastKnownFileType = sourcecode.swift; path = HomeView.swift; sourceTree = "<group>"; };
		1E52826A28D39F43002FB4EE /* tway_air.ttf */ = {isa = PBXFileReference; lastKnownFileType = file; path = tway_air.ttf; sourceTree = "<group>"; };
		1E52826C28D40853002FB4EE /* Grind.entitlements */ = {isa = PBXFileReference; lastKnownFileType = text.plist.entitlements; path = Grind.entitlements; sourceTree = "<group>"; };
		1E52827128D43D2B002FB4EE /* HealthKitManager.swift */ = {isa = PBXFileReference; lastKnownFileType = sourcecode.swift; path = HealthKitManager.swift; sourceTree = "<group>"; };
		1E52827328D445E1002FB4EE /* HealthKitSetupError.swift */ = {isa = PBXFileReference; lastKnownFileType = sourcecode.swift; path = HealthKitSetupError.swift; sourceTree = "<group>"; };
		1E52828128D77FE3002FB4EE /* HomeCircleView.swift */ = {isa = PBXFileReference; lastKnownFileType = sourcecode.swift; path = HomeCircleView.swift; sourceTree = "<group>"; };
		1E52828328D78631002FB4EE /* HomeWeightView.swift */ = {isa = PBXFileReference; lastKnownFileType = sourcecode.swift; path = HomeWeightView.swift; sourceTree = "<group>"; };
		1E52828528D7863D002FB4EE /* HomeCalorieView.swift */ = {isa = PBXFileReference; lastKnownFileType = sourcecode.swift; path = HomeCalorieView.swift; sourceTree = "<group>"; };
		1E52828728D78B1F002FB4EE /* HomeAdviceView.swift */ = {isa = PBXFileReference; lastKnownFileType = sourcecode.swift; path = HomeAdviceView.swift; sourceTree = "<group>"; };
		1E52828928D797D8002FB4EE /* HomeWorkoutView.swift */ = {isa = PBXFileReference; lastKnownFileType = sourcecode.swift; path = HomeWorkoutView.swift; sourceTree = "<group>"; };
		1E52828B28D8D433002FB4EE /* WalkThroughViewController.swift */ = {isa = PBXFileReference; lastKnownFileType = sourcecode.swift; path = WalkThroughViewController.swift; sourceTree = "<group>"; };
		1E52828D28D8D444002FB4EE /* WalkThroughView.swift */ = {isa = PBXFileReference; lastKnownFileType = sourcecode.swift; path = WalkThroughView.swift; sourceTree = "<group>"; };
		1E52829028D8DEAC002FB4EE /* DailyRecordRepository.swift */ = {isa = PBXFileReference; lastKnownFileType = sourcecode.swift; path = DailyRecordRepository.swift; sourceTree = "<group>"; };
		1E52829728D98A07002FB4EE /* Text.swift */ = {isa = PBXFileReference; lastKnownFileType = sourcecode.swift; path = Text.swift; sourceTree = "<group>"; };
		1E5CF07E28E21E3E004D9010 /* AddFoodViewController.swift */ = {isa = PBXFileReference; lastKnownFileType = sourcecode.swift; path = AddFoodViewController.swift; sourceTree = "<group>"; };
		1E5CF08028E2202A004D9010 /* FoodView.swift */ = {isa = PBXFileReference; lastKnownFileType = sourcecode.swift; path = FoodView.swift; sourceTree = "<group>"; };
		1E5CF08228E222EE004D9010 /* FoodCalorieView.swift */ = {isa = PBXFileReference; lastKnownFileType = sourcecode.swift; path = FoodCalorieView.swift; sourceTree = "<group>"; };
		1E5E760728DCBFAD004EA9FD /* RecordViewController.swift */ = {isa = PBXFileReference; lastKnownFileType = sourcecode.swift; path = RecordViewController.swift; sourceTree = "<group>"; };
		1E5E760928DCC1F8004EA9FD /* RecordView.swift */ = {isa = PBXFileReference; lastKnownFileType = sourcecode.swift; path = RecordView.swift; sourceTree = "<group>"; };
		1E5E760B28DCCED7004EA9FD /* RecordCircleView.swift */ = {isa = PBXFileReference; lastKnownFileType = sourcecode.swift; path = RecordCircleView.swift; sourceTree = "<group>"; };
		1E7696132910DB0D00859B4A /* SettingViewModel.swift */ = {isa = PBXFileReference; lastKnownFileType = sourcecode.swift; path = SettingViewModel.swift; sourceTree = "<group>"; };
		1E7DCF8628D0F209000D43B5 /* HomeViewController.swift */ = {isa = PBXFileReference; lastKnownFileType = sourcecode.swift; path = HomeViewController.swift; sourceTree = "<group>"; };
		1E7DCF8E28D0F3EB000D43B5 /* SettingViewController.swift */ = {isa = PBXFileReference; lastKnownFileType = sourcecode.swift; path = SettingViewController.swift; sourceTree = "<group>"; };
		1E7DCF9028D0F3F6000D43B5 /* StatViewController.swift */ = {isa = PBXFileReference; lastKnownFileType = sourcecode.swift; path = StatViewController.swift; sourceTree = "<group>"; };
		1E92CCF328EBD53D004B284B /* SettingView.swift */ = {isa = PBXFileReference; lastKnownFileType = sourcecode.swift; path = SettingView.swift; sourceTree = "<group>"; };
		1E92CCFB28EBD757004B284B /* BaseTableViewCell.swift */ = {isa = PBXFileReference; lastKnownFileType = sourcecode.swift; path = BaseTableViewCell.swift; sourceTree = "<group>"; };
		1E92CCFD28EBD796004B284B /* SettingTableViewCell.swift */ = {isa = PBXFileReference; lastKnownFileType = sourcecode.swift; path = SettingTableViewCell.swift; sourceTree = "<group>"; };
		1E9A51EE298BD448004560ED /* VideoViewController.swift */ = {isa = PBXFileReference; lastKnownFileType = sourcecode.swift; path = VideoViewController.swift; sourceTree = "<group>"; };
		1E9A51F1298BD49E004560ED /* VideoView.swift */ = {isa = PBXFileReference; lastKnownFileType = sourcecode.swift; path = VideoView.swift; sourceTree = "<group>"; };
		1E9A51F9298BF2C6004560ED /* FrontVideoViewController.swift */ = {isa = PBXFileReference; lastKnownFileType = sourcecode.swift; path = FrontVideoViewController.swift; sourceTree = "<group>"; };
		1E9A51FB298BF2E9004560ED /* BackVideoViewController.swift */ = {isa = PBXFileReference; lastKnownFileType = sourcecode.swift; path = BackVideoViewController.swift; sourceTree = "<group>"; };
		1E9A51FD298BF2FF004560ED /* LegVideoViewController.swift */ = {isa = PBXFileReference; lastKnownFileType = sourcecode.swift; path = LegVideoViewController.swift; sourceTree = "<group>"; };
		1E9DE88828DD79020022FCBC /* APIKey.swift */ = {isa = PBXFileReference; lastKnownFileType = sourcecode.swift; path = APIKey.swift; sourceTree = "<group>"; };
		1EA4D07528CF9EB500A9E444 /* Grind.app */ = {isa = PBXFileReference; explicitFileType = wrapper.application; includeInIndex = 0; path = Grind.app; sourceTree = BUILT_PRODUCTS_DIR; };
		1EA4D07828CF9EB500A9E444 /* AppDelegate.swift */ = {isa = PBXFileReference; lastKnownFileType = sourcecode.swift; path = AppDelegate.swift; sourceTree = "<group>"; };
		1EA4D07A28CF9EB500A9E444 /* SceneDelegate.swift */ = {isa = PBXFileReference; lastKnownFileType = sourcecode.swift; path = SceneDelegate.swift; sourceTree = "<group>"; };
		1EA4D07C28CF9EB500A9E444 /* ViewController.swift */ = {isa = PBXFileReference; lastKnownFileType = sourcecode.swift; path = ViewController.swift; sourceTree = "<group>"; };
		1EA4D07F28CF9EB500A9E444 /* Base */ = {isa = PBXFileReference; lastKnownFileType = file.storyboard; name = Base; path = Base.lproj/Main.storyboard; sourceTree = "<group>"; };
		1EA4D08128CF9EB700A9E444 /* Assets.xcassets */ = {isa = PBXFileReference; lastKnownFileType = folder.assetcatalog; path = Assets.xcassets; sourceTree = "<group>"; };
		1EA4D08428CF9EB700A9E444 /* Base */ = {isa = PBXFileReference; lastKnownFileType = file.storyboard; name = Base; path = Base.lproj/LaunchScreen.storyboard; sourceTree = "<group>"; };
		1EA4D08628CF9EB700A9E444 /* Info.plist */ = {isa = PBXFileReference; lastKnownFileType = text.plist.xml; path = Info.plist; sourceTree = "<group>"; };
		1EA4D09128CFA2CF00A9E444 /* BaseViewController.swift */ = {isa = PBXFileReference; lastKnownFileType = sourcecode.swift; path = BaseViewController.swift; sourceTree = "<group>"; };
		1EA4D09E28CFA40900A9E444 /* BaseView.swift */ = {isa = PBXFileReference; lastKnownFileType = sourcecode.swift; path = BaseView.swift; sourceTree = "<group>"; };
		1EA4D0A028CFA46C00A9E444 /* Constants.swift */ = {isa = PBXFileReference; lastKnownFileType = sourcecode.swift; path = Constants.swift; sourceTree = "<group>"; };
		1EA4D0A228CFA47B00A9E444 /* Color.swift */ = {isa = PBXFileReference; lastKnownFileType = sourcecode.swift; path = Color.swift; sourceTree = "<group>"; };
		1EA4D0A428CFA49300A9E444 /* Font.swift */ = {isa = PBXFileReference; lastKnownFileType = sourcecode.swift; path = Font.swift; sourceTree = "<group>"; };
		1EA4D0AA28CFA60600A9E444 /* BaseCollectionViewCell.swift */ = {isa = PBXFileReference; lastKnownFileType = sourcecode.swift; path = BaseCollectionViewCell.swift; sourceTree = "<group>"; };
		1EA4D0AE28CFA6B500A9E444 /* DailyRecord.swift */ = {isa = PBXFileReference; lastKnownFileType = sourcecode.swift; path = DailyRecord.swift; sourceTree = "<group>"; };
		1EAEA2D1298FFDCB0070A3AE /* GoogleService-Info.plist */ = {isa = PBXFileReference; fileEncoding = 4; lastKnownFileType = text.plist.xml; path = "GoogleService-Info.plist"; sourceTree = "<group>"; };
		1EE39F3028EC45A100331DB1 /* Package.resolved */ = {isa = PBXFileReference; fileEncoding = 4; lastKnownFileType = text; name = Package.resolved; path = Grind.xcodeproj/project.xcworkspace/xcshareddata/swiftpm/Package.resolved; sourceTree = "<group>"; };
/* End PBXFileReference section */

/* Begin PBXFrameworksBuildPhase section */
		1EA4D07228CF9EB500A9E444 /* Frameworks */ = {
			isa = PBXFrameworksBuildPhase;
			buildActionMask = 2147483647;
			files = (
				1E9A5203298C127E004560ED /* RealmSwift in Frameworks */,
				1EE39F2D28EC3AFE00331DB1 /* AcknowList in Frameworks */,
				1E76961729118E9D00859B4A /* Differentiator in Frameworks */,
				1E5CF09328E4B9FD004D9010 /* Toast in Frameworks */,
				1EA4D09528CFA2F300A9E444 /* SnapKit in Frameworks */,
				1E9A5201298C127E004560ED /* Realm in Frameworks */,
				1E4489BA28E9E593004CA993 /* Charts in Frameworks */,
				1EE39F2728EC1FE300331DB1 /* ProgressHUD in Frameworks */,
				1E9A51F8298BF20C004560ED /* Tabman in Frameworks */,
				1EAEA2C8298FF4000070A3AE /* FirebaseAnalyticsWithoutAdIdSupport in Frameworks */,
				1EE39F2A28EC202D00331DB1 /* Zip in Frameworks */,
				1E76961929118E9D00859B4A /* RxDataSources in Frameworks */,
				1EAEA2CE298FF4000070A3AE /* FirebaseMessaging in Frameworks */,
				1E92CD0228EBFF34004B284B /* IQKeyboardManagerSwift in Frameworks */,
				1EAEA2CA298FF4000070A3AE /* FirebaseAuth in Frameworks */,
				1EAEA2CC298FF4000070A3AE /* FirebaseCrashlytics in Frameworks */,
				1E52829B28DA1C41002FB4EE /* FSCalendar in Frameworks */,
				1EA4D09828CFA32500A9E444 /* Then in Frameworks */,
				1E5CF07828E2190A004D9010 /* YPImagePicker in Frameworks */,
				1E9A51F5298BD61E004560ED /* YouTubeiOSPlayerHelper in Frameworks */,
			);
			runOnlyForDeploymentPostprocessing = 0;
		};
/* End PBXFrameworksBuildPhase section */

/* Begin PBXGroup section */
		1E4489AA28E6B57A004CA993 /* View */ = {
			isa = PBXGroup;
			children = (
				1E4489AB28E6B588004CA993 /* StatView.swift */,
			);
			path = View;
			sourceTree = "<group>";
		};
		1E4489BB28EADACC004CA993 /* Home */ = {
			isa = PBXGroup;
			children = (
				1E7DCF8628D0F209000D43B5 /* HomeViewController.swift */,
				1E4489BE28EADAE9004CA993 /* View */,
			);
			path = Home;
			sourceTree = "<group>";
		};
		1E4489BC28EADAD9004CA993 /* Record */ = {
			isa = PBXGroup;
			children = (
				1E5E760728DCBFAD004EA9FD /* RecordViewController.swift */,
				1E4489A828E6AA00004CA993 /* FoodViewController.swift */,
				1E4489A028E6A486004CA993 /* TabViewController.swift */,
				1E4489BF28EADB14004CA993 /* View */,
			);
			path = Record;
			sourceTree = "<group>";
		};
		1E4489BD28EADADE004CA993 /* Food */ = {
			isa = PBXGroup;
			children = (
				1E5CF07E28E21E3E004D9010 /* AddFoodViewController.swift */,
				1E4489C028EADB3E004CA993 /* View */,
			);
			path = Food;
			sourceTree = "<group>";
		};
		1E4489BE28EADAE9004CA993 /* View */ = {
			isa = PBXGroup;
			children = (
				1E52826528D3648C002FB4EE /* HomeView.swift */,
				1E52828128D77FE3002FB4EE /* HomeCircleView.swift */,
				1E52828328D78631002FB4EE /* HomeWeightView.swift */,
				1E52828528D7863D002FB4EE /* HomeCalorieView.swift */,
				1E52828728D78B1F002FB4EE /* HomeAdviceView.swift */,
				1E52828928D797D8002FB4EE /* HomeWorkoutView.swift */,
			);
			path = View;
			sourceTree = "<group>";
		};
		1E4489BF28EADB14004CA993 /* View */ = {
			isa = PBXGroup;
			children = (
				1E5E760928DCC1F8004EA9FD /* RecordView.swift */,
				1E5E760B28DCCED7004EA9FD /* RecordCircleView.swift */,
			);
			path = View;
			sourceTree = "<group>";
		};
		1E4489C028EADB3E004CA993 /* View */ = {
			isa = PBXGroup;
			children = (
				1E5CF08028E2202A004D9010 /* FoodView.swift */,
				1E5CF08228E222EE004D9010 /* FoodCalorieView.swift */,
			);
			path = View;
			sourceTree = "<group>";
		};
		1E52826028D24AC4002FB4EE /* Network */ = {
			isa = PBXGroup;
			children = (
				1E52827028D43D19002FB4EE /* HealthKit */,
			);
			path = Network;
			sourceTree = "<group>";
		};
		1E52826828D39F01002FB4EE /* Resource */ = {
			isa = PBXGroup;
			children = (
				1E52826928D39F0A002FB4EE /* Fonts */,
			);
			path = Resource;
			sourceTree = "<group>";
		};
		1E52826928D39F0A002FB4EE /* Fonts */ = {
			isa = PBXGroup;
			children = (
				1E52826A28D39F43002FB4EE /* tway_air.ttf */,
			);
			path = Fonts;
			sourceTree = "<group>";
		};
		1E52827028D43D19002FB4EE /* HealthKit */ = {
			isa = PBXGroup;
			children = (
				1E52827128D43D2B002FB4EE /* HealthKitManager.swift */,
				1E52827328D445E1002FB4EE /* HealthKitSetupError.swift */,
			);
			path = HealthKit;
			sourceTree = "<group>";
		};
		1E52828F28D8D451002FB4EE /* View */ = {
			isa = PBXGroup;
			children = (
				1E52828D28D8D444002FB4EE /* WalkThroughView.swift */,
			);
			path = View;
			sourceTree = "<group>";
		};
		1E52829228D8DEB5002FB4EE /* DailyRecord */ = {
			isa = PBXGroup;
			children = (
				1EA4D0AE28CFA6B500A9E444 /* DailyRecord.swift */,
				1E52829028D8DEAC002FB4EE /* DailyRecordRepository.swift */,
			);
			path = DailyRecord;
			sourceTree = "<group>";
		};
		1E52829328D8DEBF002FB4EE /* Food */ = {
			isa = PBXGroup;
			children = (
				1E52825E28D24A0F002FB4EE /* Food.swift */,
			);
			path = Food;
			sourceTree = "<group>";
		};
		1E7696122910DAFD00859B4A /* Model */ = {
			isa = PBXGroup;
			children = (
				1E7696132910DB0D00859B4A /* SettingViewModel.swift */,
			);
			path = Model;
			sourceTree = "<group>";
		};
		1E92CCF228EBD522004B284B /* View */ = {
			isa = PBXGroup;
			children = (
				1E92CCF328EBD53D004B284B /* SettingView.swift */,
				1E92CCFD28EBD796004B284B /* SettingTableViewCell.swift */,
			);
			path = View;
			sourceTree = "<group>";
		};
		1E9A51ED298BD41A004560ED /* Video */ = {
			isa = PBXGroup;
			children = (
				1E9A51F0298BD44D004560ED /* View */,
				1E9A51EE298BD448004560ED /* VideoViewController.swift */,
				1E9A51F9298BF2C6004560ED /* FrontVideoViewController.swift */,
				1E9A51FB298BF2E9004560ED /* BackVideoViewController.swift */,
				1E9A51FD298BF2FF004560ED /* LegVideoViewController.swift */,
			);
			path = Video;
			sourceTree = "<group>";
		};
		1E9A51F0298BD44D004560ED /* View */ = {
			isa = PBXGroup;
			children = (
				1E9A51F1298BD49E004560ED /* VideoView.swift */,
			);
			path = View;
			sourceTree = "<group>";
		};
		1E9DE88728DD78F60022FCBC /* Key */ = {
			isa = PBXGroup;
			children = (
				1E9DE88828DD79020022FCBC /* APIKey.swift */,
			);
			path = Key;
			sourceTree = "<group>";
		};
		1EA4D06C28CF9EB500A9E444 = {
			isa = PBXGroup;
			children = (
				1EE39F3028EC45A100331DB1 /* Package.resolved */,
				1E52825C28D248BF002FB4EE /* .gitignore */,
				1EA4D07728CF9EB500A9E444 /* Grind */,
				1EA4D07628CF9EB500A9E444 /* Products */,
			);
			sourceTree = "<group>";
		};
		1EA4D07628CF9EB500A9E444 /* Products */ = {
			isa = PBXGroup;
			children = (
				1EA4D07528CF9EB500A9E444 /* Grind.app */,
			);
			name = Products;
			sourceTree = "<group>";
		};
		1EA4D07728CF9EB500A9E444 /* Grind */ = {
			isa = PBXGroup;
			children = (
				1E9DE88728DD78F60022FCBC /* Key */,
				1E52826C28D40853002FB4EE /* Grind.entitlements */,
				1E52826828D39F01002FB4EE /* Resource */,
				1E52826028D24AC4002FB4EE /* Network */,
				1EA4D0AD28CFA6A900A9E444 /* Realm */,
				1EA4D0A628CFA5A700A9E444 /* Scene */,
				1EA4D08E28CFA27A00A9E444 /* Utility */,
				1EA4D08D28CFA04400A9E444 /* Application */,
				1EA4D07C28CF9EB500A9E444 /* ViewController.swift */,
				1EA4D07E28CF9EB500A9E444 /* Main.storyboard */,
				1EA4D08128CF9EB700A9E444 /* Assets.xcassets */,
				1EA4D08328CF9EB700A9E444 /* LaunchScreen.storyboard */,
				1EAEA2D1298FFDCB0070A3AE /* GoogleService-Info.plist */,
				1EA4D08628CF9EB700A9E444 /* Info.plist */,
			);
			path = Grind;
			sourceTree = "<group>";
		};
		1EA4D08D28CFA04400A9E444 /* Application */ = {
			isa = PBXGroup;
			children = (
				1EA4D07828CF9EB500A9E444 /* AppDelegate.swift */,
				1EA4D07A28CF9EB500A9E444 /* SceneDelegate.swift */,
			);
			path = Application;
			sourceTree = "<group>";
		};
		1EA4D08E28CFA27A00A9E444 /* Utility */ = {
			isa = PBXGroup;
			children = (
				1EA4D09028CFA28E00A9E444 /* Constants */,
				1EA4D08F28CFA28200A9E444 /* CustomView */,
			);
			path = Utility;
			sourceTree = "<group>";
		};
		1EA4D08F28CFA28200A9E444 /* CustomView */ = {
			isa = PBXGroup;
			children = (
				1EA4D09128CFA2CF00A9E444 /* BaseViewController.swift */,
				1EA4D09E28CFA40900A9E444 /* BaseView.swift */,
				1EA4D0AA28CFA60600A9E444 /* BaseCollectionViewCell.swift */,
				1E92CCFB28EBD757004B284B /* BaseTableViewCell.swift */,
			);
			path = CustomView;
			sourceTree = "<group>";
		};
		1EA4D09028CFA28E00A9E444 /* Constants */ = {
			isa = PBXGroup;
			children = (
				1EA4D0A028CFA46C00A9E444 /* Constants.swift */,
				1EA4D0A228CFA47B00A9E444 /* Color.swift */,
				1EA4D0A428CFA49300A9E444 /* Font.swift */,
				1E52829728D98A07002FB4EE /* Text.swift */,
			);
			path = Constants;
			sourceTree = "<group>";
		};
		1EA4D0A628CFA5A700A9E444 /* Scene */ = {
			isa = PBXGroup;
			children = (
				1E9A51ED298BD41A004560ED /* Video */,
				1EA4D0AC28CFA68900A9E444 /* WalkThrough */,
				1EA4D0A928CFA5C400A9E444 /* Stat */,
				1EA4D0A828CFA5BF00A9E444 /* Setting */,
				1EA4D0A728CFA5BA00A9E444 /* Home */,
			);
			path = Scene;
			sourceTree = "<group>";
		};
		1EA4D0A728CFA5BA00A9E444 /* Home */ = {
			isa = PBXGroup;
			children = (
				1E4489BB28EADACC004CA993 /* Home */,
				1E4489BC28EADAD9004CA993 /* Record */,
				1E4489BD28EADADE004CA993 /* Food */,
			);
			path = Home;
			sourceTree = "<group>";
		};
		1EA4D0A828CFA5BF00A9E444 /* Setting */ = {
			isa = PBXGroup;
			children = (
				1E7696122910DAFD00859B4A /* Model */,
				1E92CCF228EBD522004B284B /* View */,
				1E7DCF8E28D0F3EB000D43B5 /* SettingViewController.swift */,
			);
			path = Setting;
			sourceTree = "<group>";
		};
		1EA4D0A928CFA5C400A9E444 /* Stat */ = {
			isa = PBXGroup;
			children = (
				1E4489AA28E6B57A004CA993 /* View */,
				1E7DCF9028D0F3F6000D43B5 /* StatViewController.swift */,
			);
			path = Stat;
			sourceTree = "<group>";
		};
		1EA4D0AC28CFA68900A9E444 /* WalkThrough */ = {
			isa = PBXGroup;
			children = (
				1E52828F28D8D451002FB4EE /* View */,
				1E52828B28D8D433002FB4EE /* WalkThroughViewController.swift */,
			);
			path = WalkThrough;
			sourceTree = "<group>";
		};
		1EA4D0AD28CFA6A900A9E444 /* Realm */ = {
			isa = PBXGroup;
			children = (
				1E52829228D8DEB5002FB4EE /* DailyRecord */,
				1E52829328D8DEBF002FB4EE /* Food */,
			);
			path = Realm;
			sourceTree = "<group>";
		};
/* End PBXGroup section */

/* Begin PBXNativeTarget section */
		1EA4D07428CF9EB500A9E444 /* Grind */ = {
			isa = PBXNativeTarget;
			buildConfigurationList = 1EA4D08928CF9EB700A9E444 /* Build configuration list for PBXNativeTarget "Grind" */;
			buildPhases = (
				1EA4D07128CF9EB500A9E444 /* Sources */,
				1EA4D07228CF9EB500A9E444 /* Frameworks */,
				1EA4D07328CF9EB500A9E444 /* Resources */,
				1EB5049E28F7CF2F004A34AA /* ShellScript */,
			);
			buildRules = (
			);
			dependencies = (
			);
			name = Grind;
			packageProductDependencies = (
				1EA4D09428CFA2F300A9E444 /* SnapKit */,
				1EA4D09728CFA32500A9E444 /* Then */,
				1E52829A28DA1C41002FB4EE /* FSCalendar */,
				1E5CF07728E2190A004D9010 /* YPImagePicker */,
				1E5CF09228E4B9FD004D9010 /* Toast */,
				1E4489B928E9E593004CA993 /* Charts */,
				1E92CD0128EBFF34004B284B /* IQKeyboardManagerSwift */,
				1EE39F2628EC1FE300331DB1 /* ProgressHUD */,
				1EE39F2928EC202D00331DB1 /* Zip */,
				1EE39F2C28EC3AFE00331DB1 /* AcknowList */,
				1E76961629118E9D00859B4A /* Differentiator */,
				1E76961829118E9D00859B4A /* RxDataSources */,
				1E9A51F4298BD61E004560ED /* YouTubeiOSPlayerHelper */,
				1E9A51F7298BF20C004560ED /* Tabman */,
				1E9A5200298C127E004560ED /* Realm */,
				1E9A5202298C127E004560ED /* RealmSwift */,
				1EAEA2C7298FF4000070A3AE /* FirebaseAnalyticsWithoutAdIdSupport */,
				1EAEA2C9298FF4000070A3AE /* FirebaseAuth */,
				1EAEA2CB298FF4000070A3AE /* FirebaseCrashlytics */,
				1EAEA2CD298FF4000070A3AE /* FirebaseMessaging */,
			);
			productName = Grind;
			productReference = 1EA4D07528CF9EB500A9E444 /* Grind.app */;
			productType = "com.apple.product-type.application";
		};
/* End PBXNativeTarget section */

/* Begin PBXProject section */
		1EA4D06D28CF9EB500A9E444 /* Project object */ = {
			isa = PBXProject;
			attributes = {
				BuildIndependentTargetsInParallel = 1;
				LastSwiftUpdateCheck = 1340;
				LastUpgradeCheck = 1340;
				TargetAttributes = {
					1EA4D07428CF9EB500A9E444 = {
						CreatedOnToolsVersion = 13.4.1;
					};
				};
			};
			buildConfigurationList = 1EA4D07028CF9EB500A9E444 /* Build configuration list for PBXProject "Grind" */;
			compatibilityVersion = "Xcode 13.0";
			developmentRegion = en;
			hasScannedForEncodings = 0;
			knownRegions = (
				en,
				Base,
			);
			mainGroup = 1EA4D06C28CF9EB500A9E444;
			packageReferences = (
				1EA4D09328CFA2F300A9E444 /* XCRemoteSwiftPackageReference "SnapKit" */,
				1EA4D09628CFA32500A9E444 /* XCRemoteSwiftPackageReference "Then" */,
				1E52829928DA1C41002FB4EE /* XCRemoteSwiftPackageReference "FSCalendar" */,
				1E5CF07628E2190A004D9010 /* XCRemoteSwiftPackageReference "YPImagePicker" */,
				1E5CF09128E4B9FD004D9010 /* XCRemoteSwiftPackageReference "Toast-Swift" */,
				1E4489B828E9E593004CA993 /* XCRemoteSwiftPackageReference "Charts" */,
				1E92CD0028EBFF34004B284B /* XCRemoteSwiftPackageReference "IQKeyboardManager" */,
				1EE39F2528EC1FE200331DB1 /* XCRemoteSwiftPackageReference "ProgressHUD" */,
				1EE39F2828EC202D00331DB1 /* XCRemoteSwiftPackageReference "Zip" */,
				1EE39F2B28EC3AFE00331DB1 /* XCRemoteSwiftPackageReference "AcknowList" */,
				1E76961529118E9D00859B4A /* XCRemoteSwiftPackageReference "RxDataSources" */,
				1E9A51F3298BD61E004560ED /* XCRemoteSwiftPackageReference "youtube-ios-player-helper" */,
				1E9A51F6298BF20B004560ED /* XCRemoteSwiftPackageReference "Tabman" */,
				1E9A51FF298C127E004560ED /* XCRemoteSwiftPackageReference "realm-swift" */,
				1EAEA2C6298FF3FF0070A3AE /* XCRemoteSwiftPackageReference "firebase-ios-sdk" */,
			);
			productRefGroup = 1EA4D07628CF9EB500A9E444 /* Products */;
			projectDirPath = "";
			projectRoot = "";
			targets = (
				1EA4D07428CF9EB500A9E444 /* Grind */,
			);
		};
/* End PBXProject section */

/* Begin PBXResourcesBuildPhase section */
		1EA4D07328CF9EB500A9E444 /* Resources */ = {
			isa = PBXResourcesBuildPhase;
			buildActionMask = 2147483647;
			files = (
				1E52825D28D248BF002FB4EE /* .gitignore in Resources */,
				1EA4D08528CF9EB700A9E444 /* LaunchScreen.storyboard in Resources */,
				1EA4D08228CF9EB700A9E444 /* Assets.xcassets in Resources */,
				1E52826B28D39F43002FB4EE /* tway_air.ttf in Resources */,
				1EE39F3128EC45A100331DB1 /* Package.resolved in Resources */,
				1EA4D08028CF9EB500A9E444 /* Main.storyboard in Resources */,
				1EAEA2D2298FFDCB0070A3AE /* GoogleService-Info.plist in Resources */,
			);
			runOnlyForDeploymentPostprocessing = 0;
		};
/* End PBXResourcesBuildPhase section */

/* Begin PBXShellScriptBuildPhase section */
		1EB5049E28F7CF2F004A34AA /* ShellScript */ = {
			isa = PBXShellScriptBuildPhase;
			buildActionMask = 2147483647;
			files = (
			);
			inputFileListPaths = (
			);
			inputPaths = (
				"${DWARF_DSYM_FOLDER_PATH}/${DWARF_DSYM_FILE_NAME}/Contents/Resources/DWARF/${TARGET_NAME}",
				"$(SRCROOT)/$(BUILT_PRODUCTS_DIR)/$(INFOPLIST_PATH)",
			);
			outputFileListPaths = (
			);
			outputPaths = (
			);
			runOnlyForDeploymentPostprocessing = 0;
			shellPath = /bin/sh;
			shellScript = "\"${BUILD_DIR%/Build/*}/SourcePackages/checkouts/firebase-ios-sdk/Crashlytics/run\"\n";
		};
/* End PBXShellScriptBuildPhase section */

/* Begin PBXSourcesBuildPhase section */
		1EA4D07128CF9EB500A9E444 /* Sources */ = {
			isa = PBXSourcesBuildPhase;
			buildActionMask = 2147483647;
			files = (
				1E7DCF9128D0F3F6000D43B5 /* StatViewController.swift in Sources */,
				1EA4D07D28CF9EB500A9E444 /* ViewController.swift in Sources */,
				1EA4D09228CFA2CF00A9E444 /* BaseViewController.swift in Sources */,
				1E5E760C28DCCED7004EA9FD /* RecordCircleView.swift in Sources */,
				1E9DE88928DD79020022FCBC /* APIKey.swift in Sources */,
				1E5E760828DCBFAD004EA9FD /* RecordViewController.swift in Sources */,
				1E92CCFE28EBD796004B284B /* SettingTableViewCell.swift in Sources */,
				1EA4D0AB28CFA60600A9E444 /* BaseCollectionViewCell.swift in Sources */,
				1EA4D0AF28CFA6B500A9E444 /* DailyRecord.swift in Sources */,
				1E52826628D3648C002FB4EE /* HomeView.swift in Sources */,
				1E4489AC28E6B588004CA993 /* StatView.swift in Sources */,
				1E4489A928E6AA00004CA993 /* FoodViewController.swift in Sources */,
				1E52828428D78631002FB4EE /* HomeWeightView.swift in Sources */,
				1EA4D0A328CFA47B00A9E444 /* Color.swift in Sources */,
				1E52829828D98A07002FB4EE /* Text.swift in Sources */,
				1E9A51EF298BD448004560ED /* VideoViewController.swift in Sources */,
				1EA4D09F28CFA40900A9E444 /* BaseView.swift in Sources */,
				1E52828A28D797D8002FB4EE /* HomeWorkoutView.swift in Sources */,
				1E5CF08128E2202A004D9010 /* FoodView.swift in Sources */,
				1E52829128D8DEAC002FB4EE /* DailyRecordRepository.swift in Sources */,
				1E52827228D43D2B002FB4EE /* HealthKitManager.swift in Sources */,
				1E52828828D78B1F002FB4EE /* HomeAdviceView.swift in Sources */,
				1E52825F28D24A0F002FB4EE /* Food.swift in Sources */,
				1E5CF07F28E21E3E004D9010 /* AddFoodViewController.swift in Sources */,
				1E5CF08328E222EE004D9010 /* FoodCalorieView.swift in Sources */,
				1E52828C28D8D433002FB4EE /* WalkThroughViewController.swift in Sources */,
				1E5E760A28DCC1F8004EA9FD /* RecordView.swift in Sources */,
				1E4489A128E6A486004CA993 /* TabViewController.swift in Sources */,
				1EA4D0A528CFA49300A9E444 /* Font.swift in Sources */,
				1E9A51FA298BF2C6004560ED /* FrontVideoViewController.swift in Sources */,
				1E7DCF8728D0F209000D43B5 /* HomeViewController.swift in Sources */,
				1E9A51FC298BF2E9004560ED /* BackVideoViewController.swift in Sources */,
				1E92CCF428EBD53D004B284B /* SettingView.swift in Sources */,
				1EA4D07928CF9EB500A9E444 /* AppDelegate.swift in Sources */,
				1E52828228D77FE3002FB4EE /* HomeCircleView.swift in Sources */,
				1E52828628D7863D002FB4EE /* HomeCalorieView.swift in Sources */,
				1E52828E28D8D444002FB4EE /* WalkThroughView.swift in Sources */,
				1E52827428D445E1002FB4EE /* HealthKitSetupError.swift in Sources */,
				1E9A51F2298BD49E004560ED /* VideoView.swift in Sources */,
				1E7696142910DB0D00859B4A /* SettingViewModel.swift in Sources */,
				1EA4D07B28CF9EB500A9E444 /* SceneDelegate.swift in Sources */,
				1EA4D0A128CFA46C00A9E444 /* Constants.swift in Sources */,
				1E92CCFC28EBD757004B284B /* BaseTableViewCell.swift in Sources */,
				1E7DCF8F28D0F3EB000D43B5 /* SettingViewController.swift in Sources */,
				1E9A51FE298BF2FF004560ED /* LegVideoViewController.swift in Sources */,
			);
			runOnlyForDeploymentPostprocessing = 0;
		};
/* End PBXSourcesBuildPhase section */

/* Begin PBXVariantGroup section */
		1EA4D07E28CF9EB500A9E444 /* Main.storyboard */ = {
			isa = PBXVariantGroup;
			children = (
				1EA4D07F28CF9EB500A9E444 /* Base */,
			);
			name = Main.storyboard;
			sourceTree = "<group>";
		};
		1EA4D08328CF9EB700A9E444 /* LaunchScreen.storyboard */ = {
			isa = PBXVariantGroup;
			children = (
				1EA4D08428CF9EB700A9E444 /* Base */,
			);
			name = LaunchScreen.storyboard;
			sourceTree = "<group>";
		};
/* End PBXVariantGroup section */

/* Begin XCBuildConfiguration section */
		1EA4D08728CF9EB700A9E444 /* Debug */ = {
			isa = XCBuildConfiguration;
			buildSettings = {
				ALWAYS_SEARCH_USER_PATHS = NO;
				CLANG_ANALYZER_NONNULL = YES;
				CLANG_ANALYZER_NUMBER_OBJECT_CONVERSION = YES_AGGRESSIVE;
				CLANG_CXX_LANGUAGE_STANDARD = "gnu++17";
				CLANG_ENABLE_MODULES = YES;
				CLANG_ENABLE_OBJC_ARC = YES;
				CLANG_ENABLE_OBJC_WEAK = YES;
				CLANG_WARN_BLOCK_CAPTURE_AUTORELEASING = YES;
				CLANG_WARN_BOOL_CONVERSION = YES;
				CLANG_WARN_COMMA = YES;
				CLANG_WARN_CONSTANT_CONVERSION = YES;
				CLANG_WARN_DEPRECATED_OBJC_IMPLEMENTATIONS = YES;
				CLANG_WARN_DIRECT_OBJC_ISA_USAGE = YES_ERROR;
				CLANG_WARN_DOCUMENTATION_COMMENTS = YES;
				CLANG_WARN_EMPTY_BODY = YES;
				CLANG_WARN_ENUM_CONVERSION = YES;
				CLANG_WARN_INFINITE_RECURSION = YES;
				CLANG_WARN_INT_CONVERSION = YES;
				CLANG_WARN_NON_LITERAL_NULL_CONVERSION = YES;
				CLANG_WARN_OBJC_IMPLICIT_RETAIN_SELF = YES;
				CLANG_WARN_OBJC_LITERAL_CONVERSION = YES;
				CLANG_WARN_OBJC_ROOT_CLASS = YES_ERROR;
				CLANG_WARN_QUOTED_INCLUDE_IN_FRAMEWORK_HEADER = YES;
				CLANG_WARN_RANGE_LOOP_ANALYSIS = YES;
				CLANG_WARN_STRICT_PROTOTYPES = YES;
				CLANG_WARN_SUSPICIOUS_MOVE = YES;
				CLANG_WARN_UNGUARDED_AVAILABILITY = YES_AGGRESSIVE;
				CLANG_WARN_UNREACHABLE_CODE = YES;
				CLANG_WARN__DUPLICATE_METHOD_MATCH = YES;
				COPY_PHASE_STRIP = NO;
				DEBUG_INFORMATION_FORMAT = dwarf;
				ENABLE_STRICT_OBJC_MSGSEND = YES;
				ENABLE_TESTABILITY = YES;
				GCC_C_LANGUAGE_STANDARD = gnu11;
				GCC_DYNAMIC_NO_PIC = NO;
				GCC_NO_COMMON_BLOCKS = YES;
				GCC_OPTIMIZATION_LEVEL = 0;
				GCC_PREPROCESSOR_DEFINITIONS = (
					"DEBUG=1",
					"$(inherited)",
				);
				GCC_WARN_64_TO_32_BIT_CONVERSION = YES;
				GCC_WARN_ABOUT_RETURN_TYPE = YES_ERROR;
				GCC_WARN_UNDECLARED_SELECTOR = YES;
				GCC_WARN_UNINITIALIZED_AUTOS = YES_AGGRESSIVE;
				GCC_WARN_UNUSED_FUNCTION = YES;
				GCC_WARN_UNUSED_VARIABLE = YES;
				IPHONEOS_DEPLOYMENT_TARGET = 15.0;
				MTL_ENABLE_DEBUG_INFO = INCLUDE_SOURCE;
				MTL_FAST_MATH = YES;
				ONLY_ACTIVE_ARCH = YES;
				SDKROOT = iphoneos;
				SWIFT_ACTIVE_COMPILATION_CONDITIONS = DEBUG;
				SWIFT_OPTIMIZATION_LEVEL = "-Onone";
			};
			name = Debug;
		};
		1EA4D08828CF9EB700A9E444 /* Release */ = {
			isa = XCBuildConfiguration;
			buildSettings = {
				ALWAYS_SEARCH_USER_PATHS = NO;
				CLANG_ANALYZER_NONNULL = YES;
				CLANG_ANALYZER_NUMBER_OBJECT_CONVERSION = YES_AGGRESSIVE;
				CLANG_CXX_LANGUAGE_STANDARD = "gnu++17";
				CLANG_ENABLE_MODULES = YES;
				CLANG_ENABLE_OBJC_ARC = YES;
				CLANG_ENABLE_OBJC_WEAK = YES;
				CLANG_WARN_BLOCK_CAPTURE_AUTORELEASING = YES;
				CLANG_WARN_BOOL_CONVERSION = YES;
				CLANG_WARN_COMMA = YES;
				CLANG_WARN_CONSTANT_CONVERSION = YES;
				CLANG_WARN_DEPRECATED_OBJC_IMPLEMENTATIONS = YES;
				CLANG_WARN_DIRECT_OBJC_ISA_USAGE = YES_ERROR;
				CLANG_WARN_DOCUMENTATION_COMMENTS = YES;
				CLANG_WARN_EMPTY_BODY = YES;
				CLANG_WARN_ENUM_CONVERSION = YES;
				CLANG_WARN_INFINITE_RECURSION = YES;
				CLANG_WARN_INT_CONVERSION = YES;
				CLANG_WARN_NON_LITERAL_NULL_CONVERSION = YES;
				CLANG_WARN_OBJC_IMPLICIT_RETAIN_SELF = YES;
				CLANG_WARN_OBJC_LITERAL_CONVERSION = YES;
				CLANG_WARN_OBJC_ROOT_CLASS = YES_ERROR;
				CLANG_WARN_QUOTED_INCLUDE_IN_FRAMEWORK_HEADER = YES;
				CLANG_WARN_RANGE_LOOP_ANALYSIS = YES;
				CLANG_WARN_STRICT_PROTOTYPES = YES;
				CLANG_WARN_SUSPICIOUS_MOVE = YES;
				CLANG_WARN_UNGUARDED_AVAILABILITY = YES_AGGRESSIVE;
				CLANG_WARN_UNREACHABLE_CODE = YES;
				CLANG_WARN__DUPLICATE_METHOD_MATCH = YES;
				COPY_PHASE_STRIP = NO;
				DEBUG_INFORMATION_FORMAT = "dwarf-with-dsym";
				ENABLE_NS_ASSERTIONS = NO;
				ENABLE_STRICT_OBJC_MSGSEND = YES;
				GCC_C_LANGUAGE_STANDARD = gnu11;
				GCC_NO_COMMON_BLOCKS = YES;
				GCC_WARN_64_TO_32_BIT_CONVERSION = YES;
				GCC_WARN_ABOUT_RETURN_TYPE = YES_ERROR;
				GCC_WARN_UNDECLARED_SELECTOR = YES;
				GCC_WARN_UNINITIALIZED_AUTOS = YES_AGGRESSIVE;
				GCC_WARN_UNUSED_FUNCTION = YES;
				GCC_WARN_UNUSED_VARIABLE = YES;
				IPHONEOS_DEPLOYMENT_TARGET = 15.0;
				MTL_ENABLE_DEBUG_INFO = NO;
				MTL_FAST_MATH = YES;
				SDKROOT = iphoneos;
				SWIFT_COMPILATION_MODE = wholemodule;
				SWIFT_OPTIMIZATION_LEVEL = "-O";
				VALIDATE_PRODUCT = YES;
			};
			name = Release;
		};
		1EA4D08A28CF9EB700A9E444 /* Debug */ = {
			isa = XCBuildConfiguration;
			buildSettings = {
				ASSETCATALOG_COMPILER_APPICON_NAME = AppIcon;
				ASSETCATALOG_COMPILER_GLOBAL_ACCENT_COLOR_NAME = AccentColor;
				CODE_SIGN_ENTITLEMENTS = Grind/Grind.entitlements;
				CODE_SIGN_STYLE = Automatic;
				CURRENT_PROJECT_VERSION = 1;
				DEBUG_INFORMATION_FORMAT = "dwarf-with-dsym";
				DEVELOPMENT_TEAM = AFMSUTLF6S;
				GENERATE_INFOPLIST_FILE = YES;
				INFOPLIST_FILE = Grind/Info.plist;
				INFOPLIST_KEY_CFBundleDisplayName = Grind;
				INFOPLIST_KEY_LSApplicationCategoryType = "public.app-category.healthcare-fitness";
				INFOPLIST_KEY_NSCameraUsageDescription = "식단 촬영을 위해 카메라 촬영을 요청드립니다.";
				INFOPLIST_KEY_NSHealthShareUsageDescription = "활동칼로리 데이터 읽기를 위한 권한을 요청드립니다.";
				INFOPLIST_KEY_NSHealthUpdateUsageDescription = "활동칼로리 데이터 저장을 위한 권한을 요청드립니다.";
				INFOPLIST_KEY_NSPhotoLibraryUsageDescription = "식단 사진을 불러오기 위해 갤러리 접근을 요청드립니다.";
				INFOPLIST_KEY_UIApplicationSupportsIndirectInputEvents = YES;
				INFOPLIST_KEY_UILaunchStoryboardName = LaunchScreen;
				INFOPLIST_KEY_UIMainStoryboardFile = Main;
				INFOPLIST_KEY_UISupportedInterfaceOrientations = UIInterfaceOrientationPortrait;
				INFOPLIST_KEY_UISupportedInterfaceOrientations_iPad = UIInterfaceOrientationPortrait;
				INFOPLIST_KEY_UISupportedInterfaceOrientations_iPhone = UIInterfaceOrientationPortrait;
				IPHONEOS_DEPLOYMENT_TARGET = 15.0;
				LD_RUNPATH_SEARCH_PATHS = (
					"$(inherited)",
					"@executable_path/Frameworks",
				);
				MARKETING_VERSION = 1.2.0;
				PRODUCT_BUNDLE_IDENTIFIER = com.sesac.Grind;
				PRODUCT_NAME = "$(TARGET_NAME)";
				SUPPORTED_PLATFORMS = "iphoneos iphonesimulator";
				SUPPORTS_MACCATALYST = NO;
				SUPPORTS_MAC_DESIGNED_FOR_IPHONE_IPAD = NO;
				SWIFT_EMIT_LOC_STRINGS = YES;
				SWIFT_VERSION = 5.0;
				TARGETED_DEVICE_FAMILY = 1;
			};
			name = Debug;
		};
		1EA4D08B28CF9EB700A9E444 /* Release */ = {
			isa = XCBuildConfiguration;
			buildSettings = {
				ASSETCATALOG_COMPILER_APPICON_NAME = AppIcon;
				ASSETCATALOG_COMPILER_GLOBAL_ACCENT_COLOR_NAME = AccentColor;
				CODE_SIGN_ENTITLEMENTS = Grind/Grind.entitlements;
				CODE_SIGN_STYLE = Automatic;
				CURRENT_PROJECT_VERSION = 1;
				DEVELOPMENT_TEAM = AFMSUTLF6S;
				GENERATE_INFOPLIST_FILE = YES;
				INFOPLIST_FILE = Grind/Info.plist;
				INFOPLIST_KEY_CFBundleDisplayName = Grind;
				INFOPLIST_KEY_LSApplicationCategoryType = "public.app-category.healthcare-fitness";
				INFOPLIST_KEY_NSCameraUsageDescription = "식단 촬영을 위해 카메라 촬영을 요청드립니다.";
				INFOPLIST_KEY_NSHealthShareUsageDescription = "활동칼로리 데이터 읽기를 위한 권한을 요청드립니다.";
				INFOPLIST_KEY_NSHealthUpdateUsageDescription = "활동칼로리 데이터 저장을 위한 권한을 요청드립니다.";
				INFOPLIST_KEY_NSPhotoLibraryUsageDescription = "식단 사진을 불러오기 위해 갤러리 접근을 요청드립니다.";
				INFOPLIST_KEY_UIApplicationSupportsIndirectInputEvents = YES;
				INFOPLIST_KEY_UILaunchStoryboardName = LaunchScreen;
				INFOPLIST_KEY_UIMainStoryboardFile = Main;
				INFOPLIST_KEY_UISupportedInterfaceOrientations = UIInterfaceOrientationPortrait;
				INFOPLIST_KEY_UISupportedInterfaceOrientations_iPad = UIInterfaceOrientationPortrait;
				INFOPLIST_KEY_UISupportedInterfaceOrientations_iPhone = UIInterfaceOrientationPortrait;
				IPHONEOS_DEPLOYMENT_TARGET = 15.0;
				LD_RUNPATH_SEARCH_PATHS = (
					"$(inherited)",
					"@executable_path/Frameworks",
				);
				MARKETING_VERSION = 1.2.0;
				PRODUCT_BUNDLE_IDENTIFIER = com.sesac.Grind;
				PRODUCT_NAME = "$(TARGET_NAME)";
				SUPPORTED_PLATFORMS = "iphoneos iphonesimulator";
				SUPPORTS_MACCATALYST = NO;
				SUPPORTS_MAC_DESIGNED_FOR_IPHONE_IPAD = NO;
				SWIFT_EMIT_LOC_STRINGS = YES;
				SWIFT_VERSION = 5.0;
				TARGETED_DEVICE_FAMILY = 1;
			};
			name = Release;
		};
/* End XCBuildConfiguration section */

/* Begin XCConfigurationList section */
		1EA4D07028CF9EB500A9E444 /* Build configuration list for PBXProject "Grind" */ = {
			isa = XCConfigurationList;
			buildConfigurations = (
				1EA4D08728CF9EB700A9E444 /* Debug */,
				1EA4D08828CF9EB700A9E444 /* Release */,
			);
			defaultConfigurationIsVisible = 0;
			defaultConfigurationName = Release;
		};
		1EA4D08928CF9EB700A9E444 /* Build configuration list for PBXNativeTarget "Grind" */ = {
			isa = XCConfigurationList;
			buildConfigurations = (
				1EA4D08A28CF9EB700A9E444 /* Debug */,
				1EA4D08B28CF9EB700A9E444 /* Release */,
			);
			defaultConfigurationIsVisible = 0;
			defaultConfigurationName = Release;
		};
/* End XCConfigurationList section */

/* Begin XCRemoteSwiftPackageReference section */
		1E4489B828E9E593004CA993 /* XCRemoteSwiftPackageReference "Charts" */ = {
			isa = XCRemoteSwiftPackageReference;
			repositoryURL = "https://github.com/danielgindi/Charts.git";
			requirement = {
				kind = exactVersion;
				version = 4.1.0;
			};
		};
		1E52829928DA1C41002FB4EE /* XCRemoteSwiftPackageReference "FSCalendar" */ = {
			isa = XCRemoteSwiftPackageReference;
			repositoryURL = "https://github.com/WenchaoD/FSCalendar.git";
			requirement = {
				kind = upToNextMajorVersion;
				minimumVersion = 2.0.0;
			};
		};
		1E5CF07628E2190A004D9010 /* XCRemoteSwiftPackageReference "YPImagePicker" */ = {
			isa = XCRemoteSwiftPackageReference;
			repositoryURL = "https://github.com/Yummypets/YPImagePicker.git";
			requirement = {
				kind = upToNextMajorVersion;
				minimumVersion = 5.0.0;
			};
		};
		1E5CF09128E4B9FD004D9010 /* XCRemoteSwiftPackageReference "Toast-Swift" */ = {
			isa = XCRemoteSwiftPackageReference;
			repositoryURL = "https://github.com/scalessec/Toast-Swift.git";
			requirement = {
				kind = upToNextMajorVersion;
				minimumVersion = 5.0.0;
			};
		};
		1E76961529118E9D00859B4A /* XCRemoteSwiftPackageReference "RxDataSources" */ = {
			isa = XCRemoteSwiftPackageReference;
			repositoryURL = "https://github.com/RxSwiftCommunity/RxDataSources.git";
			requirement = {
				kind = exactVersion;
				version = 5.0.2;
			};
		};
		1E92CD0028EBFF34004B284B /* XCRemoteSwiftPackageReference "IQKeyboardManager" */ = {
			isa = XCRemoteSwiftPackageReference;
			repositoryURL = "https://github.com/hackiftekhar/IQKeyboardManager.git";
			requirement = {
				kind = exactVersion;
				version = 6.5.0;
			};
		};
		1E9A51F3298BD61E004560ED /* XCRemoteSwiftPackageReference "youtube-ios-player-helper" */ = {
			isa = XCRemoteSwiftPackageReference;
			repositoryURL = "https://github.com/youtube/youtube-ios-player-helper.git";
			requirement = {
				kind = exactVersion;
				version = 1.0.4;
			};
		};
		1E9A51F6298BF20B004560ED /* XCRemoteSwiftPackageReference "Tabman" */ = {
			isa = XCRemoteSwiftPackageReference;
			repositoryURL = "https://github.com/uias/Tabman.git";
			requirement = {
				kind = exactVersion;
				version = 3.0.1;
			};
		};
		1E9A51FF298C127E004560ED /* XCRemoteSwiftPackageReference "realm-swift" */ = {
			isa = XCRemoteSwiftPackageReference;
			repositoryURL = "https://github.com/realm/realm-swift.git";
			requirement = {
				kind = exactVersion;
				version = 10.34.1;
			};
		};
		1EA4D09328CFA2F300A9E444 /* XCRemoteSwiftPackageReference "SnapKit" */ = {
			isa = XCRemoteSwiftPackageReference;
			repositoryURL = "https://github.com/SnapKit/SnapKit.git";
			requirement = {
				kind = upToNextMajorVersion;
				minimumVersion = 5.0.0;
			};
		};
		1EA4D09628CFA32500A9E444 /* XCRemoteSwiftPackageReference "Then" */ = {
			isa = XCRemoteSwiftPackageReference;
			repositoryURL = "https://github.com/devxoul/Then.git";
			requirement = {
				kind = upToNextMajorVersion;
				minimumVersion = 3.0.0;
			};
		};
		1EAEA2C6298FF3FF0070A3AE /* XCRemoteSwiftPackageReference "firebase-ios-sdk" */ = {
			isa = XCRemoteSwiftPackageReference;
			repositoryURL = "https://github.com/firebase/firebase-ios-sdk.git";
			requirement = {
				kind = exactVersion;
				version = 9.6.0;
			};
		};
		1EE39F2528EC1FE200331DB1 /* XCRemoteSwiftPackageReference "ProgressHUD" */ = {
			isa = XCRemoteSwiftPackageReference;
			repositoryURL = "https://github.com/relatedcode/ProgressHUD.git";
			requirement = {
				kind = exactVersion;
				version = 13.6.1;
			};
		};
		1EE39F2828EC202D00331DB1 /* XCRemoteSwiftPackageReference "Zip" */ = {
			isa = XCRemoteSwiftPackageReference;
			repositoryURL = "https://github.com/marmelroy/Zip.git";
			requirement = {
				kind = exactVersion;
				version = 2.1.2;
			};
		};
		1EE39F2B28EC3AFE00331DB1 /* XCRemoteSwiftPackageReference "AcknowList" */ = {
			isa = XCRemoteSwiftPackageReference;
			repositoryURL = "https://github.com/vtourraine/AcknowList.git";
			requirement = {
				kind = upToNextMajorVersion;
				minimumVersion = 3.0.0;
			};
		};
/* End XCRemoteSwiftPackageReference section */

/* Begin XCSwiftPackageProductDependency section */
		1E4489B928E9E593004CA993 /* Charts */ = {
			isa = XCSwiftPackageProductDependency;
			package = 1E4489B828E9E593004CA993 /* XCRemoteSwiftPackageReference "Charts" */;
			productName = Charts;
		};
		1E52829A28DA1C41002FB4EE /* FSCalendar */ = {
			isa = XCSwiftPackageProductDependency;
			package = 1E52829928DA1C41002FB4EE /* XCRemoteSwiftPackageReference "FSCalendar" */;
			productName = FSCalendar;
		};
		1E5CF07728E2190A004D9010 /* YPImagePicker */ = {
			isa = XCSwiftPackageProductDependency;
			package = 1E5CF07628E2190A004D9010 /* XCRemoteSwiftPackageReference "YPImagePicker" */;
			productName = YPImagePicker;
		};
		1E5CF09228E4B9FD004D9010 /* Toast */ = {
			isa = XCSwiftPackageProductDependency;
			package = 1E5CF09128E4B9FD004D9010 /* XCRemoteSwiftPackageReference "Toast-Swift" */;
			productName = Toast;
		};
		1E76961629118E9D00859B4A /* Differentiator */ = {
			isa = XCSwiftPackageProductDependency;
			package = 1E76961529118E9D00859B4A /* XCRemoteSwiftPackageReference "RxDataSources" */;
			productName = Differentiator;
		};
		1E76961829118E9D00859B4A /* RxDataSources */ = {
			isa = XCSwiftPackageProductDependency;
			package = 1E76961529118E9D00859B4A /* XCRemoteSwiftPackageReference "RxDataSources" */;
			productName = RxDataSources;
		};
		1E92CD0128EBFF34004B284B /* IQKeyboardManagerSwift */ = {
			isa = XCSwiftPackageProductDependency;
			package = 1E92CD0028EBFF34004B284B /* XCRemoteSwiftPackageReference "IQKeyboardManager" */;
			productName = IQKeyboardManagerSwift;
		};
		1E9A51F4298BD61E004560ED /* YouTubeiOSPlayerHelper */ = {
			isa = XCSwiftPackageProductDependency;
			package = 1E9A51F3298BD61E004560ED /* XCRemoteSwiftPackageReference "youtube-ios-player-helper" */;
			productName = YouTubeiOSPlayerHelper;
		};
		1E9A51F7298BF20C004560ED /* Tabman */ = {
			isa = XCSwiftPackageProductDependency;
			package = 1E9A51F6298BF20B004560ED /* XCRemoteSwiftPackageReference "Tabman" */;
			productName = Tabman;
		};
		1E9A5200298C127E004560ED /* Realm */ = {
			isa = XCSwiftPackageProductDependency;
			package = 1E9A51FF298C127E004560ED /* XCRemoteSwiftPackageReference "realm-swift" */;
			productName = Realm;
		};
		1E9A5202298C127E004560ED /* RealmSwift */ = {
			isa = XCSwiftPackageProductDependency;
			package = 1E9A51FF298C127E004560ED /* XCRemoteSwiftPackageReference "realm-swift" */;
			productName = RealmSwift;
		};
		1EA4D09428CFA2F300A9E444 /* SnapKit */ = {
			isa = XCSwiftPackageProductDependency;
			package = 1EA4D09328CFA2F300A9E444 /* XCRemoteSwiftPackageReference "SnapKit" */;
			productName = SnapKit;
		};
		1EA4D09728CFA32500A9E444 /* Then */ = {
			isa = XCSwiftPackageProductDependency;
			package = 1EA4D09628CFA32500A9E444 /* XCRemoteSwiftPackageReference "Then" */;
			productName = Then;
		};
		1EAEA2C7298FF4000070A3AE /* FirebaseAnalyticsWithoutAdIdSupport */ = {
			isa = XCSwiftPackageProductDependency;
			package = 1EAEA2C6298FF3FF0070A3AE /* XCRemoteSwiftPackageReference "firebase-ios-sdk" */;
			productName = FirebaseAnalyticsWithoutAdIdSupport;
		};
		1EAEA2C9298FF4000070A3AE /* FirebaseAuth */ = {
			isa = XCSwiftPackageProductDependency;
			package = 1EAEA2C6298FF3FF0070A3AE /* XCRemoteSwiftPackageReference "firebase-ios-sdk" */;
			productName = FirebaseAuth;
		};
		1EAEA2CB298FF4000070A3AE /* FirebaseCrashlytics */ = {
			isa = XCSwiftPackageProductDependency;
			package = 1EAEA2C6298FF3FF0070A3AE /* XCRemoteSwiftPackageReference "firebase-ios-sdk" */;
			productName = FirebaseCrashlytics;
		};
		1EAEA2CD298FF4000070A3AE /* FirebaseMessaging */ = {
			isa = XCSwiftPackageProductDependency;
			package = 1EAEA2C6298FF3FF0070A3AE /* XCRemoteSwiftPackageReference "firebase-ios-sdk" */;
			productName = FirebaseMessaging;
		};
		1EE39F2628EC1FE300331DB1 /* ProgressHUD */ = {
			isa = XCSwiftPackageProductDependency;
			package = 1EE39F2528EC1FE200331DB1 /* XCRemoteSwiftPackageReference "ProgressHUD" */;
			productName = ProgressHUD;
		};
		1EE39F2928EC202D00331DB1 /* Zip */ = {
			isa = XCSwiftPackageProductDependency;
			package = 1EE39F2828EC202D00331DB1 /* XCRemoteSwiftPackageReference "Zip" */;
			productName = Zip;
		};
		1EE39F2C28EC3AFE00331DB1 /* AcknowList */ = {
			isa = XCSwiftPackageProductDependency;
			package = 1EE39F2B28EC3AFE00331DB1 /* XCRemoteSwiftPackageReference "AcknowList" */;
			productName = AcknowList;
		};
/* End XCSwiftPackageProductDependency section */
	};
	rootObject = 1EA4D06D28CF9EB500A9E444 /* Project object */;
}
